<?xml version="1.0" encoding="UTF-8"?>
<!DOCTYPE plist PUBLIC "-//Apple//DTD PLIST 1.0//EN" "http://www.apple.com/DTDs/PropertyList-1.0.dtd">
<plist version="1.0">
<dict>
	<key>archiveVersion</key>
	<string>1</string>
	<key>classes</key>
	<dict/>
	<key>objectVersion</key>
	<string>46</string>
	<key>objects</key>
	<dict>
		<key>7D154303EC33412DAEA21AD2</key>
		<dict>
			<key>buildActionMask</key>
			<string>2147483647</string>
			<key>files</key>
			<array/>
			<key>inputPaths</key>
			<array/>
			<key>isa</key>
			<string>PBXShellScriptBuildPhase</string>
			<key>name</key>
			<string>Check Pods Manifest.lock</string>
			<key>outputPaths</key>
			<array/>
			<key>runOnlyForDeploymentPostprocessing</key>
			<string>0</string>
			<key>shellPath</key>
			<string>/bin/sh</string>
			<key>shellScript</key>
			<string>diff "${PODS_ROOT}/../Podfile.lock" "${PODS_ROOT}/Manifest.lock" &gt; /dev/null
if [[ $? != 0 ]] ; then
    cat &lt;&lt; EOM
error: The sandbox is not in sync with the Podfile.lock. Run 'pod install' or update your CocoaPods installation.
EOM
    exit 1
fi
</string>
			<key>showEnvVarsInLog</key>
			<string>0</string>
		</dict>
		<key>9AED62FE459640D98CC80172</key>
		<dict>
			<key>fileRef</key>
			<string>ECAB2C557C6B42DE9192D9C5</string>
			<key>isa</key>
			<string>PBXBuildFile</string>
		</dict>
		<key>B1B65C1B01294229848DAD83</key>
		<dict>
			<key>includeInIndex</key>
			<string>1</string>
			<key>isa</key>
			<string>PBXFileReference</string>
			<key>lastKnownFileType</key>
			<string>text.xcconfig</string>
			<key>name</key>
			<string>Pods.xcconfig</string>
			<key>path</key>
			<string>Pods/Pods.xcconfig</string>
			<key>sourceTree</key>
			<string>SOURCE_ROOT</string>
		</dict>
		<key>CF82AE6B63874AAE93A1832E</key>
		<dict>
			<key>buildActionMask</key>
			<string>2147483647</string>
			<key>files</key>
			<array/>
			<key>inputPaths</key>
			<array/>
			<key>isa</key>
			<string>PBXShellScriptBuildPhase</string>
			<key>name</key>
			<string>Copy Pods Resources</string>
			<key>outputPaths</key>
			<array/>
			<key>runOnlyForDeploymentPostprocessing</key>
			<string>0</string>
			<key>shellPath</key>
			<string>/bin/sh</string>
			<key>shellScript</key>
			<string>"${SRCROOT}/Pods/Pods-resources.sh"
</string>
			<key>showEnvVarsInLog</key>
			<string>0</string>
		</dict>
		<key>D327A4C917989A8D0042FF8B</key>
		<dict>
			<key>isa</key>
			<string>PBXFileReference</string>
			<key>lastKnownFileType</key>
			<string>folder.assetcatalog</string>
			<key>path</key>
			<string>Images.xcassets</string>
			<key>sourceTree</key>
			<string>&lt;group&gt;</string>
		</dict>
		<key>D327A4CA17989A8D0042FF8B</key>
		<dict>
			<key>fileRef</key>
			<string>D327A4C917989A8D0042FF8B</string>
			<key>isa</key>
			<string>PBXBuildFile</string>
		</dict>
		<key>D371D2B21798A554009C9D9E</key>
		<dict>
			<key>fileRef</key>
			<string>D3A9D81E1798A3AD00F05FD5</string>
			<key>isa</key>
			<string>PBXBuildFile</string>
		</dict>
		<key>D371D2B31798A994009C9D9E</key>
		<dict>
			<key>fileEncoding</key>
			<string>4</string>
			<key>isa</key>
			<string>PBXFileReference</string>
			<key>lastKnownFileType</key>
			<string>sourcecode.c.h</string>
			<key>name</key>
			<string>PeoplePreferences_Private.h</string>
			<key>path</key>
			<string>PeopleTests/Private Headers/PeoplePreferences_Private.h</string>
			<key>sourceTree</key>
			<string>SOURCE_ROOT</string>
		</dict>
		<key>D371D2B41798AA19009C9D9E</key>
		<dict>
			<key>children</key>
			<array>
				<string>D371D2B31798A994009C9D9E</string>
			</array>
			<key>isa</key>
			<string>PBXGroup</string>
			<key>name</key>
			<string>Private Headers</string>
			<key>path</key>
			<string>People</string>
			<key>sourceTree</key>
			<string>&lt;group&gt;</string>
		</dict>
		<key>D371D2B71798AA8C009C9D9E</key>
		<dict>
			<key>fileEncoding</key>
			<string>4</string>
			<key>isa</key>
			<string>PBXFileReference</string>
			<key>lastKnownFileType</key>
			<string>sourcecode.c.objc</string>
			<key>path</key>
			<string>PeoplePreferencesTest.m</string>
			<key>sourceTree</key>
			<string>&lt;group&gt;</string>
		</dict>
		<key>D371D2B81798AA8C009C9D9E</key>
		<dict>
			<key>fileRef</key>
			<string>D371D2B71798AA8C009C9D9E</string>
			<key>isa</key>
			<string>PBXBuildFile</string>
		</dict>
		<key>D38B346F179898BB00E2AF26</key>
		<dict>
			<key>children</key>
			<array>
				<string>D38B3481179898BB00E2AF26</string>
				<string>D371D2B41798AA19009C9D9E</string>
				<string>D38B349A179898BB00E2AF26</string>
				<string>D38B347A179898BB00E2AF26</string>
				<string>D38B3479179898BB00E2AF26</string>
				<string>B1B65C1B01294229848DAD83</string>
			</array>
			<key>isa</key>
			<string>PBXGroup</string>
			<key>sourceTree</key>
			<string>&lt;group&gt;</string>
		</dict>
		<key>D38B3470179898BB00E2AF26</key>
		<dict>
			<key>attributes</key>
			<dict>
				<key>CLASSPREFIX</key>
				<string>People</string>
				<key>LastUpgradeCheck</key>
				<string>0500</string>
				<key>ORGANIZATIONNAME</key>
				<string>CI&amp;T</string>
				<key>TargetAttributes</key>
				<dict>
					<key>D38B3477179898BB00E2AF26</key>
					<dict>
						<key>DevelopmentTeam</key>
						<string>DC7P966WU6</string>
					</dict>
					<key>D38B3492179898BB00E2AF26</key>
					<dict>
						<key>TestTargetID</key>
						<string>D38B3477179898BB00E2AF26</string>
					</dict>
				</dict>
			</dict>
			<key>buildConfigurationList</key>
			<string>D38B3473179898BB00E2AF26</string>
			<key>compatibilityVersion</key>
			<string>Xcode 3.2</string>
			<key>developmentRegion</key>
			<string>English</string>
			<key>hasScannedForEncodings</key>
			<string>0</string>
			<key>isa</key>
			<string>PBXProject</string>
			<key>knownRegions</key>
			<array>
				<string>en</string>
			</array>
			<key>mainGroup</key>
			<string>D38B346F179898BB00E2AF26</string>
			<key>productRefGroup</key>
			<string>D38B3479179898BB00E2AF26</string>
			<key>projectDirPath</key>
			<string></string>
			<key>projectReferences</key>
			<array/>
			<key>projectRoot</key>
			<string></string>
			<key>targets</key>
			<array>
				<string>D38B3477179898BB00E2AF26</string>
				<string>D38B3492179898BB00E2AF26</string>
			</array>
		</dict>
		<key>D38B3473179898BB00E2AF26</key>
		<dict>
			<key>buildConfigurations</key>
			<array>
				<string>D38B34A2179898BB00E2AF26</string>
				<string>D38B34A3179898BB00E2AF26</string>
			</array>
			<key>defaultConfigurationIsVisible</key>
			<string>0</string>
			<key>defaultConfigurationName</key>
			<string>Release</string>
			<key>isa</key>
			<string>XCConfigurationList</string>
		</dict>
		<key>D38B3474179898BB00E2AF26</key>
		<dict>
			<key>buildActionMask</key>
			<string>2147483647</string>
			<key>files</key>
			<array>
				<string>D3A9D8181798A08000F05FD5</string>
				<string>D371D2B21798A554009C9D9E</string>
				<string>D38B3488179898BB00E2AF26</string>
				<string>D3A9D81C1798A0C300F05FD5</string>
				<string>D38B348C179898BB00E2AF26</string>
			</array>
			<key>isa</key>
			<string>PBXSourcesBuildPhase</string>
			<key>runOnlyForDeploymentPostprocessing</key>
			<string>0</string>
		</dict>
		<key>D38B3475179898BB00E2AF26</key>
		<dict>
			<key>buildActionMask</key>
			<string>2147483647</string>
			<key>files</key>
			<array>
				<string>D38B347E179898BB00E2AF26</string>
				<string>D38B3480179898BB00E2AF26</string>
				<string>D38B347C179898BB00E2AF26</string>
				<string>9AED62FE459640D98CC80172</string>
			</array>
			<key>isa</key>
			<string>PBXFrameworksBuildPhase</string>
			<key>runOnlyForDeploymentPostprocessing</key>
			<string>0</string>
		</dict>
		<key>D38B3476179898BB00E2AF26</key>
		<dict>
			<key>buildActionMask</key>
			<string>2147483647</string>
			<key>files</key>
			<array>
				<string>D327A4CA17989A8D0042FF8B</string>
				<string>D38B34AB1798991200E2AF26</string>
				<string>D38B3486179898BB00E2AF26</string>
			</array>
			<key>isa</key>
			<string>PBXResourcesBuildPhase</string>
			<key>runOnlyForDeploymentPostprocessing</key>
			<string>0</string>
		</dict>
		<key>D38B3477179898BB00E2AF26</key>
		<dict>
			<key>buildConfigurationList</key>
			<string>D38B34A4179898BB00E2AF26</string>
			<key>buildPhases</key>
			<array>
				<string>7D154303EC33412DAEA21AD2</string>
				<string>D38B3474179898BB00E2AF26</string>
				<string>D38B3475179898BB00E2AF26</string>
				<string>D38B3476179898BB00E2AF26</string>
				<string>CF82AE6B63874AAE93A1832E</string>
			</array>
			<key>buildRules</key>
			<array/>
			<key>dependencies</key>
			<array/>
			<key>isa</key>
			<string>PBXNativeTarget</string>
			<key>name</key>
			<string>People</string>
			<key>productName</key>
			<string>People</string>
			<key>productReference</key>
			<string>D38B3478179898BB00E2AF26</string>
			<key>productType</key>
			<string>com.apple.product-type.application</string>
		</dict>
		<key>D38B3478179898BB00E2AF26</key>
		<dict>
			<key>explicitFileType</key>
			<string>wrapper.application</string>
			<key>includeInIndex</key>
			<string>0</string>
			<key>isa</key>
			<string>PBXFileReference</string>
			<key>path</key>
			<string>People.app</string>
			<key>sourceTree</key>
			<string>BUILT_PRODUCTS_DIR</string>
		</dict>
		<key>D38B3479179898BB00E2AF26</key>
		<dict>
			<key>children</key>
			<array>
				<string>D38B3478179898BB00E2AF26</string>
				<string>D38B3493179898BB00E2AF26</string>
			</array>
			<key>isa</key>
			<string>PBXGroup</string>
			<key>name</key>
			<string>Products</string>
			<key>sourceTree</key>
			<string>&lt;group&gt;</string>
		</dict>
		<key>D38B347A179898BB00E2AF26</key>
		<dict>
			<key>children</key>
			<array>
				<string>D38B347B179898BB00E2AF26</string>
				<string>D38B347D179898BB00E2AF26</string>
				<string>D38B347F179898BB00E2AF26</string>
				<string>D38B3494179898BB00E2AF26</string>
				<string>ECAB2C557C6B42DE9192D9C5</string>
			</array>
			<key>isa</key>
			<string>PBXGroup</string>
			<key>name</key>
			<string>Frameworks</string>
			<key>sourceTree</key>
			<string>&lt;group&gt;</string>
		</dict>
		<key>D38B347B179898BB00E2AF26</key>
		<dict>
			<key>isa</key>
			<string>PBXFileReference</string>
			<key>lastKnownFileType</key>
			<string>wrapper.framework</string>
			<key>name</key>
			<string>Foundation.framework</string>
			<key>path</key>
			<string>System/Library/Frameworks/Foundation.framework</string>
			<key>sourceTree</key>
			<string>SDKROOT</string>
		</dict>
		<key>D38B347C179898BB00E2AF26</key>
		<dict>
			<key>fileRef</key>
			<string>D38B347B179898BB00E2AF26</string>
			<key>isa</key>
			<string>PBXBuildFile</string>
		</dict>
		<key>D38B347D179898BB00E2AF26</key>
		<dict>
			<key>isa</key>
			<string>PBXFileReference</string>
			<key>lastKnownFileType</key>
			<string>wrapper.framework</string>
			<key>name</key>
			<string>CoreGraphics.framework</string>
			<key>path</key>
			<string>System/Library/Frameworks/CoreGraphics.framework</string>
			<key>sourceTree</key>
			<string>SDKROOT</string>
		</dict>
		<key>D38B347E179898BB00E2AF26</key>
		<dict>
			<key>fileRef</key>
			<string>D38B347D179898BB00E2AF26</string>
			<key>isa</key>
			<string>PBXBuildFile</string>
		</dict>
		<key>D38B347F179898BB00E2AF26</key>
		<dict>
			<key>isa</key>
			<string>PBXFileReference</string>
			<key>lastKnownFileType</key>
			<string>wrapper.framework</string>
			<key>name</key>
			<string>UIKit.framework</string>
			<key>path</key>
			<string>System/Library/Frameworks/UIKit.framework</string>
			<key>sourceTree</key>
			<string>SDKROOT</string>
		</dict>
		<key>D38B3480179898BB00E2AF26</key>
		<dict>
			<key>fileRef</key>
			<string>D38B347F179898BB00E2AF26</string>
			<key>isa</key>
			<string>PBXBuildFile</string>
		</dict>
		<key>D38B3481179898BB00E2AF26</key>
		<dict>
			<key>children</key>
			<array>
				<string>D3A9D8191798A08600F05FD5</string>
				<string>D38B3482179898BB00E2AF26</string>
				<string>D327A4C917989A8D0042FF8B</string>
				<string>D3A9D81D1798A3AD00F05FD5</string>
				<string>D3A9D81E1798A3AD00F05FD5</string>
			</array>
			<key>isa</key>
			<string>PBXGroup</string>
			<key>path</key>
			<string>People</string>
			<key>sourceTree</key>
			<string>&lt;group&gt;</string>
		</dict>
		<key>D38B3482179898BB00E2AF26</key>
		<dict>
			<key>children</key>
			<array>
				<string>D38B34AA1798991200E2AF26</string>
				<string>D38B348A179898BB00E2AF26</string>
				<string>D38B348B179898BB00E2AF26</string>
				<string>D38B3483179898BB00E2AF26</string>
				<string>D38B3484179898BB00E2AF26</string>
				<string>D38B3487179898BB00E2AF26</string>
				<string>D38B3489179898BB00E2AF26</string>
			</array>
			<key>isa</key>
			<string>PBXGroup</string>
			<key>name</key>
			<string>Supporting Files</string>
			<key>sourceTree</key>
			<string>&lt;group&gt;</string>
		</dict>
		<key>D38B3483179898BB00E2AF26</key>
		<dict>
			<key>isa</key>
			<string>PBXFileReference</string>
			<key>lastKnownFileType</key>
			<string>text.plist.xml</string>
			<key>path</key>
			<string>People-Info.plist</string>
			<key>sourceTree</key>
			<string>&lt;group&gt;</string>
		</dict>
		<key>D38B3484179898BB00E2AF26</key>
		<dict>
			<key>children</key>
			<array>
				<string>D38B3485179898BB00E2AF26</string>
			</array>
			<key>isa</key>
			<string>PBXVariantGroup</string>
			<key>name</key>
			<string>InfoPlist.strings</string>
			<key>sourceTree</key>
			<string>&lt;group&gt;</string>
		</dict>
		<key>D38B3485179898BB00E2AF26</key>
		<dict>
			<key>isa</key>
			<string>PBXFileReference</string>
			<key>lastKnownFileType</key>
			<string>text.plist.strings</string>
			<key>name</key>
			<string>en</string>
			<key>path</key>
			<string>en.lproj/InfoPlist.strings</string>
			<key>sourceTree</key>
			<string>&lt;group&gt;</string>
		</dict>
		<key>D38B3486179898BB00E2AF26</key>
		<dict>
			<key>fileRef</key>
			<string>D38B3484179898BB00E2AF26</string>
			<key>isa</key>
			<string>PBXBuildFile</string>
		</dict>
		<key>D38B3487179898BB00E2AF26</key>
		<dict>
			<key>isa</key>
			<string>PBXFileReference</string>
			<key>lastKnownFileType</key>
			<string>sourcecode.c.objc</string>
			<key>path</key>
			<string>main.m</string>
			<key>sourceTree</key>
			<string>&lt;group&gt;</string>
		</dict>
		<key>D38B3488179898BB00E2AF26</key>
		<dict>
			<key>fileRef</key>
			<string>D38B3487179898BB00E2AF26</string>
			<key>isa</key>
			<string>PBXBuildFile</string>
		</dict>
		<key>D38B3489179898BB00E2AF26</key>
		<dict>
			<key>isa</key>
			<string>PBXFileReference</string>
			<key>lastKnownFileType</key>
			<string>sourcecode.c.h</string>
			<key>path</key>
			<string>People-Prefix.pch</string>
			<key>sourceTree</key>
			<string>&lt;group&gt;</string>
		</dict>
		<key>D38B348A179898BB00E2AF26</key>
		<dict>
			<key>isa</key>
			<string>PBXFileReference</string>
			<key>lastKnownFileType</key>
			<string>sourcecode.c.h</string>
			<key>path</key>
			<string>PeopleAppDelegate.h</string>
			<key>sourceTree</key>
			<string>&lt;group&gt;</string>
		</dict>
		<key>D38B348B179898BB00E2AF26</key>
		<dict>
			<key>isa</key>
			<string>PBXFileReference</string>
			<key>lastKnownFileType</key>
			<string>sourcecode.c.objc</string>
			<key>path</key>
			<string>PeopleAppDelegate.m</string>
			<key>sourceTree</key>
			<string>&lt;group&gt;</string>
		</dict>
		<key>D38B348C179898BB00E2AF26</key>
		<dict>
			<key>fileRef</key>
			<string>D38B348B179898BB00E2AF26</string>
			<key>isa</key>
			<string>PBXBuildFile</string>
		</dict>
		<key>D38B348F179898BB00E2AF26</key>
		<dict>
			<key>buildActionMask</key>
			<string>2147483647</string>
			<key>files</key>
			<array>
				<string>D38B34A1179898BB00E2AF26</string>
				<string>D371D2B81798AA8C009C9D9E</string>
			</array>
			<key>isa</key>
			<string>PBXSourcesBuildPhase</string>
			<key>runOnlyForDeploymentPostprocessing</key>
			<string>0</string>
		</dict>
		<key>D38B3490179898BB00E2AF26</key>
		<dict>
			<key>buildActionMask</key>
			<string>2147483647</string>
			<key>files</key>
			<array>
				<string>D38B3495179898BB00E2AF26</string>
				<string>D38B3497179898BB00E2AF26</string>
				<string>D38B3496179898BB00E2AF26</string>
			</array>
			<key>isa</key>
			<string>PBXFrameworksBuildPhase</string>
			<key>runOnlyForDeploymentPostprocessing</key>
			<string>0</string>
		</dict>
		<key>D38B3491179898BB00E2AF26</key>
		<dict>
			<key>buildActionMask</key>
			<string>2147483647</string>
			<key>files</key>
			<array>
				<string>D38B349F179898BB00E2AF26</string>
			</array>
			<key>isa</key>
			<string>PBXResourcesBuildPhase</string>
			<key>runOnlyForDeploymentPostprocessing</key>
			<string>0</string>
		</dict>
		<key>D38B3492179898BB00E2AF26</key>
		<dict>
			<key>buildConfigurationList</key>
			<string>D38B34A7179898BB00E2AF26</string>
			<key>buildPhases</key>
			<array>
				<string>D38B348F179898BB00E2AF26</string>
				<string>D38B3490179898BB00E2AF26</string>
				<string>D38B3491179898BB00E2AF26</string>
			</array>
			<key>buildRules</key>
			<array/>
			<key>dependencies</key>
			<array>
				<string>D38B3499179898BB00E2AF26</string>
			</array>
			<key>isa</key>
			<string>PBXNativeTarget</string>
			<key>name</key>
			<string>PeopleTests</string>
			<key>productName</key>
			<string>PeopleTests</string>
			<key>productReference</key>
			<string>D38B3493179898BB00E2AF26</string>
			<key>productType</key>
			<string>com.apple.product-type.bundle.unit-test</string>
		</dict>
		<key>D38B3493179898BB00E2AF26</key>
		<dict>
			<key>explicitFileType</key>
			<string>wrapper.cfbundle</string>
			<key>includeInIndex</key>
			<string>0</string>
			<key>isa</key>
			<string>PBXFileReference</string>
			<key>path</key>
			<string>PeopleTests.xctest</string>
			<key>sourceTree</key>
			<string>BUILT_PRODUCTS_DIR</string>
		</dict>
		<key>D38B3494179898BB00E2AF26</key>
		<dict>
			<key>isa</key>
			<string>PBXFileReference</string>
			<key>lastKnownFileType</key>
			<string>wrapper.framework</string>
			<key>name</key>
			<string>XCTest.framework</string>
			<key>path</key>
			<string>Library/Frameworks/XCTest.framework</string>
			<key>sourceTree</key>
			<string>DEVELOPER_DIR</string>
		</dict>
		<key>D38B3495179898BB00E2AF26</key>
		<dict>
			<key>fileRef</key>
			<string>D38B3494179898BB00E2AF26</string>
			<key>isa</key>
			<string>PBXBuildFile</string>
		</dict>
		<key>D38B3496179898BB00E2AF26</key>
		<dict>
			<key>fileRef</key>
			<string>D38B347B179898BB00E2AF26</string>
			<key>isa</key>
			<string>PBXBuildFile</string>
		</dict>
		<key>D38B3497179898BB00E2AF26</key>
		<dict>
			<key>fileRef</key>
			<string>D38B347F179898BB00E2AF26</string>
			<key>isa</key>
			<string>PBXBuildFile</string>
		</dict>
		<key>D38B3498179898BB00E2AF26</key>
		<dict>
			<key>containerPortal</key>
			<string>D38B3470179898BB00E2AF26</string>
			<key>isa</key>
			<string>PBXContainerItemProxy</string>
			<key>proxyType</key>
			<string>1</string>
			<key>remoteGlobalIDString</key>
			<string>D38B3477179898BB00E2AF26</string>
			<key>remoteInfo</key>
			<string>People</string>
		</dict>
		<key>D38B3499179898BB00E2AF26</key>
		<dict>
			<key>isa</key>
			<string>PBXTargetDependency</string>
			<key>target</key>
			<string>D38B3477179898BB00E2AF26</string>
			<key>targetProxy</key>
			<string>D38B3498179898BB00E2AF26</string>
		</dict>
		<key>D38B349A179898BB00E2AF26</key>
		<dict>
			<key>children</key>
			<array>
				<string>D371D2B71798AA8C009C9D9E</string>
				<string>D38B34A0179898BB00E2AF26</string>
				<string>D38B349B179898BB00E2AF26</string>
			</array>
			<key>isa</key>
			<string>PBXGroup</string>
			<key>path</key>
			<string>PeopleTests</string>
			<key>sourceTree</key>
			<string>&lt;group&gt;</string>
		</dict>
		<key>D38B349B179898BB00E2AF26</key>
		<dict>
			<key>children</key>
			<array>
				<string>D38B349C179898BB00E2AF26</string>
				<string>D38B349D179898BB00E2AF26</string>
			</array>
			<key>isa</key>
			<string>PBXGroup</string>
			<key>name</key>
			<string>Supporting Files</string>
			<key>sourceTree</key>
			<string>&lt;group&gt;</string>
		</dict>
		<key>D38B349C179898BB00E2AF26</key>
		<dict>
			<key>isa</key>
			<string>PBXFileReference</string>
			<key>lastKnownFileType</key>
			<string>text.plist.xml</string>
			<key>path</key>
			<string>PeopleTests-Info.plist</string>
			<key>sourceTree</key>
			<string>&lt;group&gt;</string>
		</dict>
		<key>D38B349D179898BB00E2AF26</key>
		<dict>
			<key>children</key>
			<array>
				<string>D38B349E179898BB00E2AF26</string>
			</array>
			<key>isa</key>
			<string>PBXVariantGroup</string>
			<key>name</key>
			<string>InfoPlist.strings</string>
			<key>sourceTree</key>
			<string>&lt;group&gt;</string>
		</dict>
		<key>D38B349E179898BB00E2AF26</key>
		<dict>
			<key>isa</key>
			<string>PBXFileReference</string>
			<key>lastKnownFileType</key>
			<string>text.plist.strings</string>
			<key>name</key>
			<string>en</string>
			<key>path</key>
			<string>en.lproj/InfoPlist.strings</string>
			<key>sourceTree</key>
			<string>&lt;group&gt;</string>
		</dict>
		<key>D38B349F179898BB00E2AF26</key>
		<dict>
			<key>fileRef</key>
			<string>D38B349D179898BB00E2AF26</string>
			<key>isa</key>
			<string>PBXBuildFile</string>
		</dict>
		<key>D38B34A0179898BB00E2AF26</key>
		<dict>
			<key>isa</key>
			<string>PBXFileReference</string>
			<key>lastKnownFileType</key>
			<string>sourcecode.c.objc</string>
			<key>path</key>
			<string>PeopleTests.m</string>
			<key>sourceTree</key>
			<string>&lt;group&gt;</string>
		</dict>
		<key>D38B34A1179898BB00E2AF26</key>
		<dict>
			<key>fileRef</key>
			<string>D38B34A0179898BB00E2AF26</string>
			<key>isa</key>
			<string>PBXBuildFile</string>
		</dict>
		<key>D38B34A2179898BB00E2AF26</key>
		<dict>
			<key>buildSettings</key>
			<dict>
				<key>ALWAYS_SEARCH_USER_PATHS</key>
				<string>NO</string>
				<key>CLANG_CXX_LANGUAGE_STANDARD</key>
				<string>gnu++0x</string>
				<key>CLANG_CXX_LIBRARY</key>
				<string>libc++</string>
				<key>CLANG_ENABLE_MODULES</key>
				<string>YES</string>
				<key>CLANG_ENABLE_OBJC_ARC</key>
				<string>YES</string>
				<key>CLANG_WARN_BOOL_CONVERSION</key>
				<string>YES</string>
				<key>CLANG_WARN_CONSTANT_CONVERSION</key>
				<string>YES</string>
				<key>CLANG_WARN_DIRECT_OBJC_ISA_USAGE</key>
				<string>YES_ERROR</string>
				<key>CLANG_WARN_EMPTY_BODY</key>
				<string>YES</string>
				<key>CLANG_WARN_ENUM_CONVERSION</key>
				<string>YES</string>
				<key>CLANG_WARN_INT_CONVERSION</key>
				<string>YES</string>
				<key>CLANG_WARN_OBJC_ROOT_CLASS</key>
				<string>YES_ERROR</string>
				<key>CLANG_WARN__DUPLICATE_METHOD_MATCH</key>
				<string>YES</string>
				<key>CODE_SIGN_IDENTITY[sdk=iphoneos*]</key>
				<string>iPhone Developer</string>
				<key>COPY_PHASE_STRIP</key>
				<string>NO</string>
				<key>GCC_C_LANGUAGE_STANDARD</key>
				<string>gnu99</string>
				<key>GCC_DYNAMIC_NO_PIC</key>
				<string>NO</string>
				<key>GCC_OPTIMIZATION_LEVEL</key>
				<string>0</string>
				<key>GCC_PREPROCESSOR_DEFINITIONS</key>
				<array>
					<string>DEBUG=1</string>
					<string>$(inherited)</string>
				</array>
				<key>GCC_SYMBOLS_PRIVATE_EXTERN</key>
				<string>NO</string>
				<key>GCC_WARN_ABOUT_RETURN_TYPE</key>
				<string>YES_ERROR</string>
				<key>GCC_WARN_UNDECLARED_SELECTOR</key>
				<string>YES</string>
				<key>GCC_WARN_UNINITIALIZED_AUTOS</key>
				<string>YES</string>
				<key>GCC_WARN_UNUSED_FUNCTION</key>
				<string>YES</string>
				<key>GCC_WARN_UNUSED_VARIABLE</key>
				<string>YES</string>
				<key>IPHONEOS_DEPLOYMENT_TARGET</key>
				<string>7.0</string>
				<key>ONLY_ACTIVE_ARCH</key>
				<string>YES</string>
				<key>SDKROOT</key>
				<string>iphoneos</string>
			</dict>
			<key>isa</key>
			<string>XCBuildConfiguration</string>
			<key>name</key>
			<string>Debug</string>
		</dict>
		<key>D38B34A3179898BB00E2AF26</key>
		<dict>
			<key>buildSettings</key>
			<dict>
				<key>ALWAYS_SEARCH_USER_PATHS</key>
				<string>NO</string>
				<key>CLANG_CXX_LANGUAGE_STANDARD</key>
				<string>gnu++0x</string>
				<key>CLANG_CXX_LIBRARY</key>
				<string>libc++</string>
				<key>CLANG_ENABLE_MODULES</key>
				<string>YES</string>
				<key>CLANG_ENABLE_OBJC_ARC</key>
				<string>YES</string>
				<key>CLANG_WARN_BOOL_CONVERSION</key>
				<string>YES</string>
				<key>CLANG_WARN_CONSTANT_CONVERSION</key>
				<string>YES</string>
				<key>CLANG_WARN_DIRECT_OBJC_ISA_USAGE</key>
				<string>YES_ERROR</string>
				<key>CLANG_WARN_EMPTY_BODY</key>
				<string>YES</string>
				<key>CLANG_WARN_ENUM_CONVERSION</key>
				<string>YES</string>
				<key>CLANG_WARN_INT_CONVERSION</key>
				<string>YES</string>
				<key>CLANG_WARN_OBJC_ROOT_CLASS</key>
				<string>YES_ERROR</string>
				<key>CLANG_WARN__DUPLICATE_METHOD_MATCH</key>
				<string>YES</string>
				<key>CODE_SIGN_IDENTITY[sdk=iphoneos*]</key>
				<string>iPhone Developer</string>
				<key>COPY_PHASE_STRIP</key>
				<string>YES</string>
				<key>ENABLE_NS_ASSERTIONS</key>
				<string>NO</string>
				<key>GCC_C_LANGUAGE_STANDARD</key>
				<string>gnu99</string>
				<key>GCC_WARN_ABOUT_RETURN_TYPE</key>
				<string>YES_ERROR</string>
				<key>GCC_WARN_UNDECLARED_SELECTOR</key>
				<string>YES</string>
				<key>GCC_WARN_UNINITIALIZED_AUTOS</key>
				<string>YES</string>
				<key>GCC_WARN_UNUSED_FUNCTION</key>
				<string>YES</string>
				<key>GCC_WARN_UNUSED_VARIABLE</key>
				<string>YES</string>
				<key>IPHONEOS_DEPLOYMENT_TARGET</key>
				<string>7.0</string>
				<key>SDKROOT</key>
				<string>iphoneos</string>
				<key>VALIDATE_PRODUCT</key>
				<string>YES</string>
			</dict>
			<key>isa</key>
			<string>XCBuildConfiguration</string>
			<key>name</key>
			<string>Release</string>
		</dict>
		<key>D38B34A4179898BB00E2AF26</key>
		<dict>
			<key>buildConfigurations</key>
			<array>
				<string>D38B34A5179898BB00E2AF26</string>
				<string>D38B34A6179898BB00E2AF26</string>
			</array>
			<key>defaultConfigurationIsVisible</key>
			<string>0</string>
			<key>defaultConfigurationName</key>
			<string>Release</string>
			<key>isa</key>
			<string>XCConfigurationList</string>
		</dict>
		<key>D38B34A5179898BB00E2AF26</key>
		<dict>
			<key>baseConfigurationReference</key>
			<string>B1B65C1B01294229848DAD83</string>
			<key>buildSettings</key>
			<dict>
				<key>ASSETCATALOG_COMPILER_APPICON_NAME</key>
				<string>AppIcon</string>
				<key>ASSETCATALOG_COMPILER_LAUNCHIMAGE_NAME</key>
				<string>LaunchImage</string>
				<key>CODE_SIGN_IDENTITY</key>
				<string>iPhone Developer</string>
				<key>GCC_PRECOMPILE_PREFIX_HEADER</key>
				<string>YES</string>
				<key>GCC_PREFIX_HEADER</key>
				<string>People/People-Prefix.pch</string>
				<key>INFOPLIST_FILE</key>
				<string>People/People-Info.plist</string>
				<key>PRODUCT_NAME</key>
				<string>$(TARGET_NAME)</string>
				<key>WRAPPER_EXTENSION</key>
				<string>app</string>
			</dict>
			<key>isa</key>
			<string>XCBuildConfiguration</string>
			<key>name</key>
			<string>Debug</string>
		</dict>
		<key>D38B34A6179898BB00E2AF26</key>
		<dict>
			<key>baseConfigurationReference</key>
			<string>B1B65C1B01294229848DAD83</string>
			<key>buildSettings</key>
			<dict>
				<key>ASSETCATALOG_COMPILER_APPICON_NAME</key>
				<string>AppIcon</string>
				<key>ASSETCATALOG_COMPILER_LAUNCHIMAGE_NAME</key>
				<string>LaunchImage</string>
				<key>CODE_SIGN_IDENTITY</key>
				<string>iPhone Developer</string>
				<key>GCC_PRECOMPILE_PREFIX_HEADER</key>
				<string>YES</string>
				<key>GCC_PREFIX_HEADER</key>
				<string>People/People-Prefix.pch</string>
				<key>INFOPLIST_FILE</key>
				<string>People/People-Info.plist</string>
				<key>PRODUCT_NAME</key>
				<string>$(TARGET_NAME)</string>
				<key>WRAPPER_EXTENSION</key>
				<string>app</string>
			</dict>
			<key>isa</key>
			<string>XCBuildConfiguration</string>
			<key>name</key>
			<string>Release</string>
		</dict>
		<key>D38B34A7179898BB00E2AF26</key>
		<dict>
			<key>buildConfigurations</key>
			<array>
				<string>D38B34A8179898BB00E2AF26</string>
				<string>D38B34A9179898BB00E2AF26</string>
			</array>
			<key>defaultConfigurationIsVisible</key>
			<string>0</string>
			<key>defaultConfigurationName</key>
			<string>Release</string>
			<key>isa</key>
			<string>XCConfigurationList</string>
		</dict>
		<key>D38B34A8179898BB00E2AF26</key>
		<dict>
			<key>buildSettings</key>
			<dict>
				<key>BUNDLE_LOADER</key>
				<string>$(BUILT_PRODUCTS_DIR)/People.app/People</string>
				<key>FRAMEWORK_SEARCH_PATHS</key>
				<array>
					<string>$(SDKROOT)/Developer/Library/Frameworks</string>
					<string>$(inherited)</string>
					<string>$(SYSTEM_APPS_DIR)/Xcode5-DP3.app/Contents/Developer/Library/Frameworks</string>
				</array>
				<key>GCC_PRECOMPILE_PREFIX_HEADER</key>
				<string>YES</string>
				<key>GCC_PREFIX_HEADER</key>
				<string>People/People-Prefix.pch</string>
				<key>GCC_PREPROCESSOR_DEFINITIONS</key>
				<array>
					<string>DEBUG=1</string>
					<string>$(inherited)</string>
				</array>
				<key>INFOPLIST_FILE</key>
				<string>PeopleTests/PeopleTests-Info.plist</string>
				<key>PRODUCT_NAME</key>
				<string>$(TARGET_NAME)</string>
				<key>TEST_HOST</key>
				<string>$(BUNDLE_LOADER)</string>
				<key>WRAPPER_EXTENSION</key>
				<string>xctest</string>
			</dict>
			<key>isa</key>
			<string>XCBuildConfiguration</string>
			<key>name</key>
			<string>Debug</string>
		</dict>
		<key>D38B34A9179898BB00E2AF26</key>
		<dict>
			<key>buildSettings</key>
			<dict>
				<key>BUNDLE_LOADER</key>
				<string>$(BUILT_PRODUCTS_DIR)/People.app/People</string>
				<key>FRAMEWORK_SEARCH_PATHS</key>
				<array>
					<string>$(SDKROOT)/Developer/Library/Frameworks</string>
					<string>$(inherited)</string>
					<string>$(SYSTEM_APPS_DIR)/Xcode5-DP3.app/Contents/Developer/Library/Frameworks</string>
				</array>
				<key>GCC_PRECOMPILE_PREFIX_HEADER</key>
				<string>YES</string>
				<key>GCC_PREFIX_HEADER</key>
				<string>People/People-Prefix.pch</string>
				<key>INFOPLIST_FILE</key>
				<string>PeopleTests/PeopleTests-Info.plist</string>
				<key>PRODUCT_NAME</key>
				<string>$(TARGET_NAME)</string>
				<key>TEST_HOST</key>
				<string>$(BUNDLE_LOADER)</string>
				<key>WRAPPER_EXTENSION</key>
				<string>xctest</string>
			</dict>
			<key>isa</key>
			<string>XCBuildConfiguration</string>
			<key>name</key>
			<string>Release</string>
		</dict>
		<key>D38B34AA1798991200E2AF26</key>
		<dict>
			<key>fileEncoding</key>
			<string>4</string>
			<key>isa</key>
			<string>PBXFileReference</string>
			<key>lastKnownFileType</key>
			<string>file.storyboard</string>
			<key>path</key>
			<string>MainStoryboard_iPhone.storyboard</string>
			<key>sourceTree</key>
			<string>&lt;group&gt;</string>
		</dict>
		<key>D38B34AB1798991200E2AF26</key>
		<dict>
			<key>fileRef</key>
			<string>D38B34AA1798991200E2AF26</string>
			<key>isa</key>
			<string>PBXBuildFile</string>
		</dict>
		<key>D3A9D8161798A08000F05FD5</key>
		<dict>
			<key>fileEncoding</key>
			<string>4</string>
			<key>isa</key>
			<string>PBXFileReference</string>
			<key>lastKnownFileType</key>
			<string>sourcecode.c.h</string>
			<key>name</key>
			<string>PeopleBaseViewController.h</string>
			<key>path</key>
			<string>Classes/PeopleBaseViewController.h</string>
			<key>sourceTree</key>
			<string>&lt;group&gt;</string>
		</dict>
		<key>D3A9D8171798A08000F05FD5</key>
		<dict>
			<key>fileEncoding</key>
			<string>4</string>
			<key>isa</key>
			<string>PBXFileReference</string>
			<key>lastKnownFileType</key>
			<string>sourcecode.c.objc</string>
			<key>name</key>
			<string>PeopleBaseViewController.m</string>
			<key>path</key>
			<string>Classes/PeopleBaseViewController.m</string>
			<key>sourceTree</key>
			<string>&lt;group&gt;</string>
		</dict>
		<key>D3A9D8181798A08000F05FD5</key>
		<dict>
			<key>fileRef</key>
			<string>D3A9D8171798A08000F05FD5</string>
			<key>isa</key>
			<string>PBXBuildFile</string>
		</dict>
		<key>D3A9D8191798A08600F05FD5</key>
		<dict>
			<key>children</key>
			<array>
				<string>D3A9D8161798A08000F05FD5</string>
				<string>D3A9D8171798A08000F05FD5</string>
				<string>D3A9D81A1798A0C300F05FD5</string>
				<string>D3A9D81B1798A0C300F05FD5</string>
			</array>
			<key>isa</key>
			<string>PBXGroup</string>
			<key>name</key>
			<string>View Controllers</string>
			<key>sourceTree</key>
			<string>&lt;group&gt;</string>
		</dict>
		<key>D3A9D81A1798A0C300F05FD5</key>
		<dict>
			<key>fileEncoding</key>
			<string>4</string>
			<key>isa</key>
			<string>PBXFileReference</string>
			<key>lastKnownFileType</key>
			<string>sourcecode.c.h</string>
			<key>name</key>
			<string>PeopleInitialViewController.h</string>
			<key>path</key>
			<string>Classes/PeopleInitialViewController.h</string>
			<key>sourceTree</key>
			<string>&lt;group&gt;</string>
		</dict>
		<key>D3A9D81B1798A0C300F05FD5</key>
		<dict>
			<key>fileEncoding</key>
			<string>4</string>
			<key>isa</key>
			<string>PBXFileReference</string>
			<key>lastKnownFileType</key>
			<string>sourcecode.c.objc</string>
			<key>name</key>
			<string>PeopleInitialViewController.m</string>
			<key>path</key>
			<string>Classes/PeopleInitialViewController.m</string>
			<key>sourceTree</key>
			<string>&lt;group&gt;</string>
		</dict>
		<key>D3A9D81C1798A0C300F05FD5</key>
		<dict>
			<key>fileRef</key>
			<string>D3A9D81B1798A0C300F05FD5</string>
			<key>isa</key>
			<string>PBXBuildFile</string>
		</dict>
		<key>D3A9D81D1798A3AD00F05FD5</key>
		<dict>
			<key>isa</key>
			<string>PBXFileReference</string>
			<key>lastKnownFileType</key>
			<string>sourcecode.c.h</string>
			<key>name</key>
			<string>PeoplePreferences.h</string>
			<key>path</key>
			<string>Classes/PeoplePreferences.h</string>
			<key>sourceTree</key>
			<string>&lt;group&gt;</string>
		</dict>
		<key>D3A9D81E1798A3AD00F05FD5</key>
		<dict>
			<key>isa</key>
			<string>PBXFileReference</string>
			<key>lastKnownFileType</key>
			<string>sourcecode.c.objc</string>
			<key>name</key>
			<string>PeoplePreferences.m</string>
			<key>path</key>
			<string>Classes/PeoplePreferences.m</string>
			<key>sourceTree</key>
			<string>&lt;group&gt;</string>
		</dict>
		<key>ECAB2C557C6B42DE9192D9C5</key>
		<dict>
			<key>explicitFileType</key>
			<string>archive.ar</string>
			<key>includeInIndex</key>
			<string>0</string>
			<key>isa</key>
			<string>PBXFileReference</string>
			<key>path</key>
			<string>libPods.a</string>
			<key>sourceTree</key>
			<string>BUILT_PRODUCTS_DIR</string>
		</dict>
	</dict>
	<key>rootObject</key>
	<string>D38B3470179898BB00E2AF26</string>
</dict>
</plist>
