// !$*UTF8*$!
{
	archiveVersion = 1;
	classes = {
	};
	objectVersion = 46;
	objects = {

/* Begin PBXBuildFile section */
		474CF5BC17AB202900834C4F /* PeopleProfileViewController.m in Sources */ = {isa = PBXBuildFile; fileRef = 474CF5BB17AB202900834C4F /* PeopleProfileViewController.m */; };
		474CF5BD17AB202900834C4F /* PeopleProfileViewController.m in Sources */ = {isa = PBXBuildFile; fileRef = 474CF5BB17AB202900834C4F /* PeopleProfileViewController.m */; };
		47B9180B17A875AD0051FFBE /* PeopleSearchTableViewHeader.m in Sources */ = {isa = PBXBuildFile; fileRef = 47B9180A17A875AD0051FFBE /* PeopleSearchTableViewHeader.m */; };
		47B9180C17A875AD0051FFBE /* PeopleSearchTableViewHeader.m in Sources */ = {isa = PBXBuildFile; fileRef = 47B9180A17A875AD0051FFBE /* PeopleSearchTableViewHeader.m */; };
		9AED62FE459640D98CC80172 /* libPods.a in Frameworks */ = {isa = PBXBuildFile; fileRef = ECAB2C557C6B42DE9192D9C5 /* libPods.a */; };
		AA73A0F617A62A4E00229CE3 /* PeopleSearchTableViewCell.m in Sources */ = {isa = PBXBuildFile; fileRef = AA73A0F517A62A4E00229CE3 /* PeopleSearchTableViewCell.m */; };
		D304D7D317DD3BEA0068C13C /* PeopleListToProfileTransitionAnimation.m in Sources */ = {isa = PBXBuildFile; fileRef = D304D7D217DD3BEA0068C13C /* PeopleListToProfileTransitionAnimation.m */; };
		D304D7D617DD3D8A0068C13C /* PeopleNavigationControllerDelegate.m in Sources */ = {isa = PBXBuildFile; fileRef = D304D7D517DD3D8A0068C13C /* PeopleNavigationControllerDelegate.m */; };
		D327A4CA17989A8D0042FF8B /* Images.xcassets in Resources */ = {isa = PBXBuildFile; fileRef = D327A4C917989A8D0042FF8B /* Images.xcassets */; };
		D329173A179A217D00140214 /* PeopleColaboradorTests.m in Sources */ = {isa = PBXBuildFile; fileRef = D3291739179A217D00140214 /* PeopleColaboradorTests.m */; };
		D34C56D9179AEBE500706AFF /* search_generic1.json in Resources */ = {isa = PBXBuildFile; fileRef = D34C56D7179AEBE500706AFF /* search_generic1.json */; };
		D34C56DA179AEBE500706AFF /* search_generic2.json in Resources */ = {isa = PBXBuildFile; fileRef = D34C56D8179AEBE500706AFF /* search_generic2.json */; };
		D34C56DD179AF4A200706AFF /* PeopleValidation.m in Sources */ = {isa = PBXBuildFile; fileRef = D34C56DC179AF4A200706AFF /* PeopleValidation.m */; };
		D34C56DF179AF6CC00706AFF /* PeopleValidationTest.m in Sources */ = {isa = PBXBuildFile; fileRef = D34C56DE179AF6CC00706AFF /* PeopleValidationTest.m */; };
		D34C56E2179B06B300706AFF /* PeopleFavorites.m in Sources */ = {isa = PBXBuildFile; fileRef = D34C56E1179B06B300706AFF /* PeopleFavorites.m */; };
		D34C56EB179B29EA00706AFF /* Dosis-Bold.otf in Resources */ = {isa = PBXBuildFile; fileRef = D34C56E4179B29EA00706AFF /* Dosis-Bold.otf */; };
		D34C56EC179B29EA00706AFF /* Dosis-Book.otf in Resources */ = {isa = PBXBuildFile; fileRef = D34C56E5179B29EA00706AFF /* Dosis-Book.otf */; };
		D34C56ED179B29EA00706AFF /* Dosis-ExtraBold.otf in Resources */ = {isa = PBXBuildFile; fileRef = D34C56E6179B29EA00706AFF /* Dosis-ExtraBold.otf */; };
		D34C56EE179B29EA00706AFF /* Dosis-ExtraLight.otf in Resources */ = {isa = PBXBuildFile; fileRef = D34C56E7179B29EA00706AFF /* Dosis-ExtraLight.otf */; };
		D34C56EF179B29EA00706AFF /* Dosis-Light.otf in Resources */ = {isa = PBXBuildFile; fileRef = D34C56E8179B29EA00706AFF /* Dosis-Light.otf */; };
		D34C56F0179B29EA00706AFF /* Dosis-Medium.otf in Resources */ = {isa = PBXBuildFile; fileRef = D34C56E9179B29EA00706AFF /* Dosis-Medium.otf */; };
		D34C56F1179B29EA00706AFF /* Dosis-SemiBold.otf in Resources */ = {isa = PBXBuildFile; fileRef = D34C56EA179B29EA00706AFF /* Dosis-SemiBold.otf */; };
		D371D2B21798A554009C9D9E /* PeoplePreferences.m in Sources */ = {isa = PBXBuildFile; fileRef = D3A9D81E1798A3AD00F05FD5 /* PeoplePreferences.m */; };
		D371D2B81798AA8C009C9D9E /* PeoplePreferencesTest.m in Sources */ = {isa = PBXBuildFile; fileRef = D371D2B71798AA8C009C9D9E /* PeoplePreferencesTest.m */; };
		D371D2BB1798B8DF009C9D9E /* PeopleLoginViewController.m in Sources */ = {isa = PBXBuildFile; fileRef = D371D2BA1798B8DF009C9D9E /* PeopleLoginViewController.m */; };
		D371D2C01798B8FC009C9D9E /* PeopleSearchViewController.m in Sources */ = {isa = PBXBuildFile; fileRef = D371D2BF1798B8FC009C9D9E /* PeopleSearchViewController.m */; };
		D371D2C11798B8FF009C9D9E /* PeopleTutorialViewController.m in Sources */ = {isa = PBXBuildFile; fileRef = D371D2BD1798B8ED009C9D9E /* PeopleTutorialViewController.m */; };
		D38A430417DE0C4B00434161 /* PeopleInitialSetup.m in Sources */ = {isa = PBXBuildFile; fileRef = D38A430317DE0C4B00434161 /* PeopleInitialSetup.m */; };
		D38A430617DE41D500434161 /* ProfileNameView.xib in Resources */ = {isa = PBXBuildFile; fileRef = D38A430517DE41D500434161 /* ProfileNameView.xib */; };
		D38A430917DE427600434161 /* ProfileNameView.m in Sources */ = {isa = PBXBuildFile; fileRef = D38A430817DE427600434161 /* ProfileNameView.m */; };
		D38B347C179898BB00E2AF26 /* Foundation.framework in Frameworks */ = {isa = PBXBuildFile; fileRef = D38B347B179898BB00E2AF26 /* Foundation.framework */; };
		D38B347E179898BB00E2AF26 /* CoreGraphics.framework in Frameworks */ = {isa = PBXBuildFile; fileRef = D38B347D179898BB00E2AF26 /* CoreGraphics.framework */; };
		D38B3480179898BB00E2AF26 /* UIKit.framework in Frameworks */ = {isa = PBXBuildFile; fileRef = D38B347F179898BB00E2AF26 /* UIKit.framework */; };
		D38B3486179898BB00E2AF26 /* InfoPlist.strings in Resources */ = {isa = PBXBuildFile; fileRef = D38B3484179898BB00E2AF26 /* InfoPlist.strings */; };
		D38B3488179898BB00E2AF26 /* main.m in Sources */ = {isa = PBXBuildFile; fileRef = D38B3487179898BB00E2AF26 /* main.m */; };
		D38B348C179898BB00E2AF26 /* PeopleAppDelegate.m in Sources */ = {isa = PBXBuildFile; fileRef = D38B348B179898BB00E2AF26 /* PeopleAppDelegate.m */; };
		D38B3495179898BB00E2AF26 /* XCTest.framework in Frameworks */ = {isa = PBXBuildFile; fileRef = D38B3494179898BB00E2AF26 /* XCTest.framework */; };
		D38B3496179898BB00E2AF26 /* Foundation.framework in Frameworks */ = {isa = PBXBuildFile; fileRef = D38B347B179898BB00E2AF26 /* Foundation.framework */; };
		D38B3497179898BB00E2AF26 /* UIKit.framework in Frameworks */ = {isa = PBXBuildFile; fileRef = D38B347F179898BB00E2AF26 /* UIKit.framework */; };
		D38B349F179898BB00E2AF26 /* InfoPlist.strings in Resources */ = {isa = PBXBuildFile; fileRef = D38B349D179898BB00E2AF26 /* InfoPlist.strings */; };
		D38B34A1179898BB00E2AF26 /* PeopleTests.m in Sources */ = {isa = PBXBuildFile; fileRef = D38B34A0179898BB00E2AF26 /* PeopleTests.m */; };
		D38B34AB1798991200E2AF26 /* MainStoryboard_iPhone.storyboard in Resources */ = {isa = PBXBuildFile; fileRef = D38B34AA1798991200E2AF26 /* MainStoryboard_iPhone.storyboard */; };
		D398D6B917A9968600120394 /* PeopleNavigationController.m in Sources */ = {isa = PBXBuildFile; fileRef = D398D6B817A9968600120394 /* PeopleNavigationController.m */; };
		D39DDBE71799B30C00E9D0C5 /* PeopleHTTPClient.m in Sources */ = {isa = PBXBuildFile; fileRef = D39DDBE61799B30C00E9D0C5 /* PeopleHTTPClient.m */; };
		D39DDBEA1799B42900E9D0C5 /* Security.framework in Frameworks */ = {isa = PBXBuildFile; fileRef = D39DDBE91799B42900E9D0C5 /* Security.framework */; };
		D39DDBEC1799B43000E9D0C5 /* MobileCoreServices.framework in Frameworks */ = {isa = PBXBuildFile; fileRef = D39DDBEB1799B43000E9D0C5 /* MobileCoreServices.framework */; };
		D39DDBF21799B90600E9D0C5 /* PeopleBasicTheme.m in Sources */ = {isa = PBXBuildFile; fileRef = D39DDBF11799B90600E9D0C5 /* PeopleBasicTheme.m */; };
		D39DDBF61799C57D00E9D0C5 /* PeopleServices.m in Sources */ = {isa = PBXBuildFile; fileRef = D39DDBF51799C57D00E9D0C5 /* PeopleServices.m */; };
		D39DDBFC1799C5CA00E9D0C5 /* PeopleJSONParser.m in Sources */ = {isa = PBXBuildFile; fileRef = D39DDBF91799C5CA00E9D0C5 /* PeopleJSONParser.m */; };
		D39DDC001799C6F800E9D0C5 /* PeopleColaborador.m in Sources */ = {isa = PBXBuildFile; fileRef = D39DDBFF1799C6F300E9D0C5 /* PeopleColaborador.m */; };
		D39DDC041799C91E00E9D0C5 /* PeopleColaborador+PopulateFromServiceResponse.m in Sources */ = {isa = PBXBuildFile; fileRef = D39DDC021799C72300E9D0C5 /* PeopleColaborador+PopulateFromServiceResponse.m */; };
		D39DDC071799E77D00E9D0C5 /* profile_generic1.json in Resources */ = {isa = PBXBuildFile; fileRef = D39DDC061799E77D00E9D0C5 /* profile_generic1.json */; };
		D3A3083E179C438D0010FE51 /* PeopleTableViewDataSource.m in Sources */ = {isa = PBXBuildFile; fileRef = D3A3083D179C438D0010FE51 /* PeopleTableViewDataSource.m */; };
		D3A30841179C4AA70010FE51 /* PeopleTableViewCell.m in Sources */ = {isa = PBXBuildFile; fileRef = D3A30840179C4AA70010FE51 /* PeopleTableViewCell.m */; };
		D3A30845179C4AFD0010FE51 /* PeopleTableViewCell+ConfigureForColaborador.m in Sources */ = {isa = PBXBuildFile; fileRef = D3A30844179C4AFD0010FE51 /* PeopleTableViewCell+ConfigureForColaborador.m */; };
		D3A30847179C4B750010FE51 /* PeopleTableViewCell.xib in Resources */ = {isa = PBXBuildFile; fileRef = D3A30846179C4B750010FE51 /* PeopleTableViewCell.xib */; };
		D3A9D8181798A08000F05FD5 /* PeopleBaseViewController.m in Sources */ = {isa = PBXBuildFile; fileRef = D3A9D8171798A08000F05FD5 /* PeopleBaseViewController.m */; };
		D3A9D81C1798A0C300F05FD5 /* PeopleInitialViewController.m in Sources */ = {isa = PBXBuildFile; fileRef = D3A9D81B1798A0C300F05FD5 /* PeopleInitialViewController.m */; };
		D3DA46D8179D8C170061809D /* PeopleRegularButton.m in Sources */ = {isa = PBXBuildFile; fileRef = D3DA46D7179D8C170061809D /* PeopleRegularButton.m */; };
		D3E1D68117DE45B300155E8F /* ProfilePhoneNumbersView.m in Sources */ = {isa = PBXBuildFile; fileRef = D3E1D68017DE45B300155E8F /* ProfilePhoneNumbersView.m */; };
		D3E1D68417DE470A00155E8F /* BKXibView.m in Sources */ = {isa = PBXBuildFile; fileRef = D3E1D68317DE470A00155E8F /* BKXibView.m */; };
		D3E1D68617DE47DD00155E8F /* ProfilePictureView.xib in Resources */ = {isa = PBXBuildFile; fileRef = D3E1D68517DE47DD00155E8F /* ProfilePictureView.xib */; };
		D3E1D68917DE47F900155E8F /* ProfilePictureView.m in Sources */ = {isa = PBXBuildFile; fileRef = D3E1D68817DE47F900155E8F /* ProfilePictureView.m */; };
		D3E1D68B17DE4B2100155E8F /* ProfilePhoneNumbersView.xib in Resources */ = {isa = PBXBuildFile; fileRef = D3E1D68A17DE4B2100155E8F /* ProfilePhoneNumbersView.xib */; };
		D3E1D69017DE558900155E8F /* PeopleCircularImageView.m in Sources */ = {isa = PBXBuildFile; fileRef = D3E1D68F17DE558900155E8F /* PeopleCircularImageView.m */; };
		D3E1D69417E0C4A900155E8F /* ProfileCoachView.xib in Resources */ = {isa = PBXBuildFile; fileRef = D3E1D69317E0C4A900155E8F /* ProfileCoachView.xib */; };
		D3E1D69617E0C4C200155E8F /* ProfileTeamView.xib in Resources */ = {isa = PBXBuildFile; fileRef = D3E1D69517E0C4C200155E8F /* ProfileTeamView.xib */; };
		D3E1D69817E0C4F000155E8F /* ProfileProjectsView.xib in Resources */ = {isa = PBXBuildFile; fileRef = D3E1D69717E0C4F000155E8F /* ProfileProjectsView.xib */; };
		D3E1D69B17E0C54A00155E8F /* ProfileCoachView.m in Sources */ = {isa = PBXBuildFile; fileRef = D3E1D69A17E0C54A00155E8F /* ProfileCoachView.m */; };
		D3E1D69E17E0C55900155E8F /* ProfileTeamView.m in Sources */ = {isa = PBXBuildFile; fileRef = D3E1D69D17E0C55900155E8F /* ProfileTeamView.m */; };
		D3E1D6A117E0C56C00155E8F /* ProfileProjectsView.m in Sources */ = {isa = PBXBuildFile; fileRef = D3E1D6A017E0C56C00155E8F /* ProfileProjectsView.m */; };
		D3F213FC1798BEA800E19338 /* PeopleInitialTransitionSegue.m in Sources */ = {isa = PBXBuildFile; fileRef = D3F213FB1798BEA800E19338 /* PeopleInitialTransitionSegue.m */; };
/* End PBXBuildFile section */

/* Begin PBXContainerItemProxy section */
		D38B3498179898BB00E2AF26 /* PBXContainerItemProxy */ = {
			isa = PBXContainerItemProxy;
			containerPortal = D38B3470179898BB00E2AF26 /* Project object */;
			proxyType = 1;
			remoteGlobalIDString = D38B3477179898BB00E2AF26;
			remoteInfo = People;
		};
/* End PBXContainerItemProxy section */

/* Begin PBXFileReference section */
		474CF5BB17AB202900834C4F /* PeopleProfileViewController.m */ = {isa = PBXFileReference; fileEncoding = 4; lastKnownFileType = sourcecode.c.objc; name = PeopleProfileViewController.m; path = Classes/PeopleProfileViewController.m; sourceTree = "<group>"; };
		47B9180917A875AD0051FFBE /* PeopleSearchTableViewHeader.h */ = {isa = PBXFileReference; fileEncoding = 4; lastKnownFileType = sourcecode.c.h; name = PeopleSearchTableViewHeader.h; path = Classes/PeopleSearchTableViewHeader.h; sourceTree = "<group>"; };
		47B9180A17A875AD0051FFBE /* PeopleSearchTableViewHeader.m */ = {isa = PBXFileReference; fileEncoding = 4; lastKnownFileType = sourcecode.c.objc; name = PeopleSearchTableViewHeader.m; path = Classes/PeopleSearchTableViewHeader.m; sourceTree = "<group>"; };
		AA73A0F417A62A4E00229CE3 /* PeopleSearchTableViewCell.h */ = {isa = PBXFileReference; fileEncoding = 4; lastKnownFileType = sourcecode.c.h; name = PeopleSearchTableViewCell.h; path = Classes/PeopleSearchTableViewCell.h; sourceTree = "<group>"; };
		AA73A0F517A62A4E00229CE3 /* PeopleSearchTableViewCell.m */ = {isa = PBXFileReference; fileEncoding = 4; lastKnownFileType = sourcecode.c.objc; name = PeopleSearchTableViewCell.m; path = Classes/PeopleSearchTableViewCell.m; sourceTree = "<group>"; };
		B1B65C1B01294229848DAD83 /* Pods.xcconfig */ = {isa = PBXFileReference; includeInIndex = 1; lastKnownFileType = text.xcconfig; name = Pods.xcconfig; path = Pods/Pods.xcconfig; sourceTree = SOURCE_ROOT; };
		D304D7D117DD3BEA0068C13C /* PeopleListToProfileTransitionAnimation.h */ = {isa = PBXFileReference; fileEncoding = 4; lastKnownFileType = sourcecode.c.h; name = PeopleListToProfileTransitionAnimation.h; path = Classes/Segues/PeopleListToProfileTransitionAnimation.h; sourceTree = "<group>"; };
		D304D7D217DD3BEA0068C13C /* PeopleListToProfileTransitionAnimation.m */ = {isa = PBXFileReference; fileEncoding = 4; lastKnownFileType = sourcecode.c.objc; name = PeopleListToProfileTransitionAnimation.m; path = Classes/Segues/PeopleListToProfileTransitionAnimation.m; sourceTree = "<group>"; };
		D304D7D417DD3D8A0068C13C /* PeopleNavigationControllerDelegate.h */ = {isa = PBXFileReference; fileEncoding = 4; lastKnownFileType = sourcecode.c.h; name = PeopleNavigationControllerDelegate.h; path = Classes/PeopleNavigationControllerDelegate.h; sourceTree = "<group>"; };
		D304D7D517DD3D8A0068C13C /* PeopleNavigationControllerDelegate.m */ = {isa = PBXFileReference; fileEncoding = 4; lastKnownFileType = sourcecode.c.objc; name = PeopleNavigationControllerDelegate.m; path = Classes/PeopleNavigationControllerDelegate.m; sourceTree = "<group>"; };
		D31FEBF917A20769007F4712 /* PeopleProfileViewController.h */ = {isa = PBXFileReference; fileEncoding = 4; lastKnownFileType = sourcecode.c.h; name = PeopleProfileViewController.h; path = Classes/PeopleProfileViewController.h; sourceTree = "<group>"; };
		D327A4C917989A8D0042FF8B /* Images.xcassets */ = {isa = PBXFileReference; lastKnownFileType = folder.assetcatalog; path = Images.xcassets; sourceTree = "<group>"; };
		D3291739179A217D00140214 /* PeopleColaboradorTests.m */ = {isa = PBXFileReference; fileEncoding = 4; lastKnownFileType = sourcecode.c.objc; path = PeopleColaboradorTests.m; sourceTree = "<group>"; };
		D34C56D7179AEBE500706AFF /* search_generic1.json */ = {isa = PBXFileReference; fileEncoding = 4; lastKnownFileType = text.json; path = search_generic1.json; sourceTree = "<group>"; };
		D34C56D8179AEBE500706AFF /* search_generic2.json */ = {isa = PBXFileReference; fileEncoding = 4; lastKnownFileType = text.json; path = search_generic2.json; sourceTree = "<group>"; };
		D34C56DB179AF4A200706AFF /* PeopleValidation.h */ = {isa = PBXFileReference; fileEncoding = 4; lastKnownFileType = sourcecode.c.h; path = PeopleValidation.h; sourceTree = "<group>"; };
		D34C56DC179AF4A200706AFF /* PeopleValidation.m */ = {isa = PBXFileReference; fileEncoding = 4; lastKnownFileType = sourcecode.c.objc; path = PeopleValidation.m; sourceTree = "<group>"; };
		D34C56DE179AF6CC00706AFF /* PeopleValidationTest.m */ = {isa = PBXFileReference; fileEncoding = 4; lastKnownFileType = sourcecode.c.objc; path = PeopleValidationTest.m; sourceTree = "<group>"; };
		D34C56E0179B06B300706AFF /* PeopleFavorites.h */ = {isa = PBXFileReference; fileEncoding = 4; lastKnownFileType = sourcecode.c.h; name = PeopleFavorites.h; path = Classes/PeopleFavorites.h; sourceTree = "<group>"; };
		D34C56E1179B06B300706AFF /* PeopleFavorites.m */ = {isa = PBXFileReference; fileEncoding = 4; lastKnownFileType = sourcecode.c.objc; name = PeopleFavorites.m; path = Classes/PeopleFavorites.m; sourceTree = "<group>"; };
		D34C56E4179B29EA00706AFF /* Dosis-Bold.otf */ = {isa = PBXFileReference; lastKnownFileType = file; path = "Dosis-Bold.otf"; sourceTree = "<group>"; };
		D34C56E5179B29EA00706AFF /* Dosis-Book.otf */ = {isa = PBXFileReference; lastKnownFileType = file; path = "Dosis-Book.otf"; sourceTree = "<group>"; };
		D34C56E6179B29EA00706AFF /* Dosis-ExtraBold.otf */ = {isa = PBXFileReference; lastKnownFileType = file; path = "Dosis-ExtraBold.otf"; sourceTree = "<group>"; };
		D34C56E7179B29EA00706AFF /* Dosis-ExtraLight.otf */ = {isa = PBXFileReference; lastKnownFileType = file; path = "Dosis-ExtraLight.otf"; sourceTree = "<group>"; };
		D34C56E8179B29EA00706AFF /* Dosis-Light.otf */ = {isa = PBXFileReference; lastKnownFileType = file; path = "Dosis-Light.otf"; sourceTree = "<group>"; };
		D34C56E9179B29EA00706AFF /* Dosis-Medium.otf */ = {isa = PBXFileReference; lastKnownFileType = file; path = "Dosis-Medium.otf"; sourceTree = "<group>"; };
		D34C56EA179B29EA00706AFF /* Dosis-SemiBold.otf */ = {isa = PBXFileReference; lastKnownFileType = file; path = "Dosis-SemiBold.otf"; sourceTree = "<group>"; };
		D371D2B31798A994009C9D9E /* PeoplePreferences_Private.h */ = {isa = PBXFileReference; fileEncoding = 4; lastKnownFileType = sourcecode.c.h; name = PeoplePreferences_Private.h; path = "PeopleTests/Private Headers/PeoplePreferences_Private.h"; sourceTree = SOURCE_ROOT; };
		D371D2B71798AA8C009C9D9E /* PeoplePreferencesTest.m */ = {isa = PBXFileReference; fileEncoding = 4; lastKnownFileType = sourcecode.c.objc; path = PeoplePreferencesTest.m; sourceTree = "<group>"; };
		D371D2B91798B8DF009C9D9E /* PeopleLoginViewController.h */ = {isa = PBXFileReference; fileEncoding = 4; lastKnownFileType = sourcecode.c.h; name = PeopleLoginViewController.h; path = Classes/PeopleLoginViewController.h; sourceTree = "<group>"; };
		D371D2BA1798B8DF009C9D9E /* PeopleLoginViewController.m */ = {isa = PBXFileReference; fileEncoding = 4; lastKnownFileType = sourcecode.c.objc; name = PeopleLoginViewController.m; path = Classes/PeopleLoginViewController.m; sourceTree = "<group>"; };
		D371D2BC1798B8ED009C9D9E /* PeopleTutorialViewController.h */ = {isa = PBXFileReference; lastKnownFileType = sourcecode.c.h; name = PeopleTutorialViewController.h; path = Classes/PeopleTutorialViewController.h; sourceTree = "<group>"; };
		D371D2BD1798B8ED009C9D9E /* PeopleTutorialViewController.m */ = {isa = PBXFileReference; lastKnownFileType = sourcecode.c.objc; name = PeopleTutorialViewController.m; path = Classes/PeopleTutorialViewController.m; sourceTree = "<group>"; };
		D371D2BE1798B8FC009C9D9E /* PeopleSearchViewController.h */ = {isa = PBXFileReference; fileEncoding = 4; lastKnownFileType = sourcecode.c.h; name = PeopleSearchViewController.h; path = Classes/PeopleSearchViewController.h; sourceTree = "<group>"; };
		D371D2BF1798B8FC009C9D9E /* PeopleSearchViewController.m */ = {isa = PBXFileReference; fileEncoding = 4; lastKnownFileType = sourcecode.c.objc; name = PeopleSearchViewController.m; path = Classes/PeopleSearchViewController.m; sourceTree = "<group>"; };
		D38A430217DE0C4B00434161 /* PeopleInitialSetup.h */ = {isa = PBXFileReference; fileEncoding = 4; lastKnownFileType = sourcecode.c.h; name = PeopleInitialSetup.h; path = Classes/PeopleInitialSetup.h; sourceTree = "<group>"; };
		D38A430317DE0C4B00434161 /* PeopleInitialSetup.m */ = {isa = PBXFileReference; fileEncoding = 4; lastKnownFileType = sourcecode.c.objc; name = PeopleInitialSetup.m; path = Classes/PeopleInitialSetup.m; sourceTree = "<group>"; };
		D38A430517DE41D500434161 /* ProfileNameView.xib */ = {isa = PBXFileReference; fileEncoding = 4; lastKnownFileType = file.xib; name = ProfileNameView.xib; path = People/Classes/Views/ProfileNameView.xib; sourceTree = "<group>"; };
		D38A430717DE427600434161 /* ProfileNameView.h */ = {isa = PBXFileReference; fileEncoding = 4; lastKnownFileType = sourcecode.c.h; name = ProfileNameView.h; path = People/Classes/Views/ProfileNameView.h; sourceTree = "<group>"; };
		D38A430817DE427600434161 /* ProfileNameView.m */ = {isa = PBXFileReference; fileEncoding = 4; lastKnownFileType = sourcecode.c.objc; name = ProfileNameView.m; path = People/Classes/Views/ProfileNameView.m; sourceTree = "<group>"; };
		D38B3478179898BB00E2AF26 /* People.app */ = {isa = PBXFileReference; explicitFileType = wrapper.application; includeInIndex = 0; path = People.app; sourceTree = BUILT_PRODUCTS_DIR; };
		D38B347B179898BB00E2AF26 /* Foundation.framework */ = {isa = PBXFileReference; lastKnownFileType = wrapper.framework; name = Foundation.framework; path = System/Library/Frameworks/Foundation.framework; sourceTree = SDKROOT; };
		D38B347D179898BB00E2AF26 /* CoreGraphics.framework */ = {isa = PBXFileReference; lastKnownFileType = wrapper.framework; name = CoreGraphics.framework; path = System/Library/Frameworks/CoreGraphics.framework; sourceTree = SDKROOT; };
		D38B347F179898BB00E2AF26 /* UIKit.framework */ = {isa = PBXFileReference; lastKnownFileType = wrapper.framework; name = UIKit.framework; path = System/Library/Frameworks/UIKit.framework; sourceTree = SDKROOT; };
		D38B3483179898BB00E2AF26 /* People-Info.plist */ = {isa = PBXFileReference; lastKnownFileType = text.plist.xml; path = "People-Info.plist"; sourceTree = "<group>"; };
		D38B3485179898BB00E2AF26 /* en */ = {isa = PBXFileReference; lastKnownFileType = text.plist.strings; name = en; path = en.lproj/InfoPlist.strings; sourceTree = "<group>"; };
		D38B3487179898BB00E2AF26 /* main.m */ = {isa = PBXFileReference; lastKnownFileType = sourcecode.c.objc; path = main.m; sourceTree = "<group>"; };
		D38B3489179898BB00E2AF26 /* People-Prefix.pch */ = {isa = PBXFileReference; lastKnownFileType = sourcecode.c.h; path = "People-Prefix.pch"; sourceTree = "<group>"; };
		D38B348A179898BB00E2AF26 /* PeopleAppDelegate.h */ = {isa = PBXFileReference; lastKnownFileType = sourcecode.c.h; path = PeopleAppDelegate.h; sourceTree = "<group>"; };
		D38B348B179898BB00E2AF26 /* PeopleAppDelegate.m */ = {isa = PBXFileReference; lastKnownFileType = sourcecode.c.objc; path = PeopleAppDelegate.m; sourceTree = "<group>"; };
		D38B3493179898BB00E2AF26 /* PeopleTests.xctest */ = {isa = PBXFileReference; explicitFileType = wrapper.cfbundle; includeInIndex = 0; path = PeopleTests.xctest; sourceTree = BUILT_PRODUCTS_DIR; };
		D38B3494179898BB00E2AF26 /* XCTest.framework */ = {isa = PBXFileReference; lastKnownFileType = wrapper.framework; name = XCTest.framework; path = Library/Frameworks/XCTest.framework; sourceTree = DEVELOPER_DIR; };
		D38B349C179898BB00E2AF26 /* PeopleTests-Info.plist */ = {isa = PBXFileReference; lastKnownFileType = text.plist.xml; path = "PeopleTests-Info.plist"; sourceTree = "<group>"; };
		D38B349E179898BB00E2AF26 /* en */ = {isa = PBXFileReference; lastKnownFileType = text.plist.strings; name = en; path = en.lproj/InfoPlist.strings; sourceTree = "<group>"; };
		D38B34A0179898BB00E2AF26 /* PeopleTests.m */ = {isa = PBXFileReference; lastKnownFileType = sourcecode.c.objc; path = PeopleTests.m; sourceTree = "<group>"; };
		D38B34AA1798991200E2AF26 /* MainStoryboard_iPhone.storyboard */ = {isa = PBXFileReference; fileEncoding = 4; lastKnownFileType = file.storyboard; path = MainStoryboard_iPhone.storyboard; sourceTree = "<group>"; };
		D398D6B717A9968600120394 /* PeopleNavigationController.h */ = {isa = PBXFileReference; fileEncoding = 4; lastKnownFileType = sourcecode.c.h; name = PeopleNavigationController.h; path = Classes/PeopleNavigationController.h; sourceTree = "<group>"; };
		D398D6B817A9968600120394 /* PeopleNavigationController.m */ = {isa = PBXFileReference; fileEncoding = 4; lastKnownFileType = sourcecode.c.objc; name = PeopleNavigationController.m; path = Classes/PeopleNavigationController.m; sourceTree = "<group>"; };
		D39DDBE51799B30C00E9D0C5 /* PeopleHTTPClient.h */ = {isa = PBXFileReference; fileEncoding = 4; lastKnownFileType = sourcecode.c.h; path = PeopleHTTPClient.h; sourceTree = "<group>"; };
		D39DDBE61799B30C00E9D0C5 /* PeopleHTTPClient.m */ = {isa = PBXFileReference; fileEncoding = 4; lastKnownFileType = sourcecode.c.objc; path = PeopleHTTPClient.m; sourceTree = "<group>"; };
		D39DDBE91799B42900E9D0C5 /* Security.framework */ = {isa = PBXFileReference; lastKnownFileType = wrapper.framework; name = Security.framework; path = System/Library/Frameworks/Security.framework; sourceTree = SDKROOT; };
		D39DDBEB1799B43000E9D0C5 /* MobileCoreServices.framework */ = {isa = PBXFileReference; lastKnownFileType = wrapper.framework; name = MobileCoreServices.framework; path = System/Library/Frameworks/MobileCoreServices.framework; sourceTree = SDKROOT; };
		D39DDBEF1799B8E700E9D0C5 /* PeopleTheme.h */ = {isa = PBXFileReference; fileEncoding = 4; lastKnownFileType = sourcecode.c.h; name = PeopleTheme.h; path = Classes/PeopleTheme.h; sourceTree = "<group>"; };
		D39DDBF01799B90600E9D0C5 /* PeopleBasicTheme.h */ = {isa = PBXFileReference; fileEncoding = 4; lastKnownFileType = sourcecode.c.h; name = PeopleBasicTheme.h; path = Classes/Themes/PeopleBasicTheme.h; sourceTree = "<group>"; };
		D39DDBF11799B90600E9D0C5 /* PeopleBasicTheme.m */ = {isa = PBXFileReference; fileEncoding = 4; lastKnownFileType = sourcecode.c.objc; name = PeopleBasicTheme.m; path = Classes/Themes/PeopleBasicTheme.m; sourceTree = "<group>"; };
		D39DDBF41799C57D00E9D0C5 /* PeopleServices.h */ = {isa = PBXFileReference; fileEncoding = 4; lastKnownFileType = sourcecode.c.h; path = PeopleServices.h; sourceTree = "<group>"; };
		D39DDBF51799C57D00E9D0C5 /* PeopleServices.m */ = {isa = PBXFileReference; fileEncoding = 4; lastKnownFileType = sourcecode.c.objc; path = PeopleServices.m; sourceTree = "<group>"; };
		D39DDBF81799C5CA00E9D0C5 /* PeopleJSONParser.h */ = {isa = PBXFileReference; fileEncoding = 4; lastKnownFileType = sourcecode.c.h; path = PeopleJSONParser.h; sourceTree = "<group>"; };
		D39DDBF91799C5CA00E9D0C5 /* PeopleJSONParser.m */ = {isa = PBXFileReference; fileEncoding = 4; lastKnownFileType = sourcecode.c.objc; path = PeopleJSONParser.m; sourceTree = "<group>"; };
		D39DDBFE1799C6F300E9D0C5 /* PeopleColaborador.h */ = {isa = PBXFileReference; lastKnownFileType = sourcecode.c.h; name = PeopleColaborador.h; path = Classes/PeopleColaborador.h; sourceTree = "<group>"; };
		D39DDBFF1799C6F300E9D0C5 /* PeopleColaborador.m */ = {isa = PBXFileReference; lastKnownFileType = sourcecode.c.objc; name = PeopleColaborador.m; path = Classes/PeopleColaborador.m; sourceTree = "<group>"; };
		D39DDC011799C72300E9D0C5 /* PeopleColaborador+PopulateFromServiceResponse.h */ = {isa = PBXFileReference; lastKnownFileType = sourcecode.c.h; name = "PeopleColaborador+PopulateFromServiceResponse.h"; path = "Classes/PeopleColaborador+PopulateFromServiceResponse.h"; sourceTree = "<group>"; };
		D39DDC021799C72300E9D0C5 /* PeopleColaborador+PopulateFromServiceResponse.m */ = {isa = PBXFileReference; lastKnownFileType = sourcecode.c.objc; name = "PeopleColaborador+PopulateFromServiceResponse.m"; path = "Classes/PeopleColaborador+PopulateFromServiceResponse.m"; sourceTree = "<group>"; };
		D39DDC061799E77D00E9D0C5 /* profile_generic1.json */ = {isa = PBXFileReference; fileEncoding = 4; lastKnownFileType = text.json; path = profile_generic1.json; sourceTree = "<group>"; };
		D3A3083C179C438D0010FE51 /* PeopleTableViewDataSource.h */ = {isa = PBXFileReference; fileEncoding = 4; lastKnownFileType = sourcecode.c.h; name = PeopleTableViewDataSource.h; path = Classes/PeopleTableViewDataSource.h; sourceTree = "<group>"; };
		D3A3083D179C438D0010FE51 /* PeopleTableViewDataSource.m */ = {isa = PBXFileReference; fileEncoding = 4; lastKnownFileType = sourcecode.c.objc; name = PeopleTableViewDataSource.m; path = Classes/PeopleTableViewDataSource.m; sourceTree = "<group>"; };
		D3A3083F179C4AA70010FE51 /* PeopleTableViewCell.h */ = {isa = PBXFileReference; fileEncoding = 4; lastKnownFileType = sourcecode.c.h; name = PeopleTableViewCell.h; path = Classes/PeopleTableViewCell.h; sourceTree = "<group>"; };
		D3A30840179C4AA70010FE51 /* PeopleTableViewCell.m */ = {isa = PBXFileReference; fileEncoding = 4; lastKnownFileType = sourcecode.c.objc; name = PeopleTableViewCell.m; path = Classes/PeopleTableViewCell.m; sourceTree = "<group>"; };
		D3A30843179C4AFD0010FE51 /* PeopleTableViewCell+ConfigureForColaborador.h */ = {isa = PBXFileReference; fileEncoding = 4; lastKnownFileType = sourcecode.c.h; name = "PeopleTableViewCell+ConfigureForColaborador.h"; path = "Classes/PeopleTableViewCell+ConfigureForColaborador.h"; sourceTree = "<group>"; };
		D3A30844179C4AFD0010FE51 /* PeopleTableViewCell+ConfigureForColaborador.m */ = {isa = PBXFileReference; fileEncoding = 4; lastKnownFileType = sourcecode.c.objc; name = "PeopleTableViewCell+ConfigureForColaborador.m"; path = "Classes/PeopleTableViewCell+ConfigureForColaborador.m"; sourceTree = "<group>"; };
		D3A30846179C4B750010FE51 /* PeopleTableViewCell.xib */ = {isa = PBXFileReference; fileEncoding = 4; lastKnownFileType = file.xib; name = PeopleTableViewCell.xib; path = Classes/PeopleTableViewCell.xib; sourceTree = "<group>"; };
		D3A9D8161798A08000F05FD5 /* PeopleBaseViewController.h */ = {isa = PBXFileReference; fileEncoding = 4; lastKnownFileType = sourcecode.c.h; name = PeopleBaseViewController.h; path = Classes/PeopleBaseViewController.h; sourceTree = "<group>"; };
		D3A9D8171798A08000F05FD5 /* PeopleBaseViewController.m */ = {isa = PBXFileReference; fileEncoding = 4; lastKnownFileType = sourcecode.c.objc; name = PeopleBaseViewController.m; path = Classes/PeopleBaseViewController.m; sourceTree = "<group>"; };
		D3A9D81A1798A0C300F05FD5 /* PeopleInitialViewController.h */ = {isa = PBXFileReference; fileEncoding = 4; lastKnownFileType = sourcecode.c.h; name = PeopleInitialViewController.h; path = Classes/PeopleInitialViewController.h; sourceTree = "<group>"; };
		D3A9D81B1798A0C300F05FD5 /* PeopleInitialViewController.m */ = {isa = PBXFileReference; fileEncoding = 4; lastKnownFileType = sourcecode.c.objc; name = PeopleInitialViewController.m; path = Classes/PeopleInitialViewController.m; sourceTree = "<group>"; };
		D3A9D81D1798A3AD00F05FD5 /* PeoplePreferences.h */ = {isa = PBXFileReference; lastKnownFileType = sourcecode.c.h; name = PeoplePreferences.h; path = Classes/PeoplePreferences.h; sourceTree = "<group>"; };
		D3A9D81E1798A3AD00F05FD5 /* PeoplePreferences.m */ = {isa = PBXFileReference; lastKnownFileType = sourcecode.c.objc; name = PeoplePreferences.m; path = Classes/PeoplePreferences.m; sourceTree = "<group>"; };
		D3DA46D6179D8C170061809D /* PeopleRegularButton.h */ = {isa = PBXFileReference; fileEncoding = 4; lastKnownFileType = sourcecode.c.h; name = PeopleRegularButton.h; path = People/Classes/PeopleRegularButton.h; sourceTree = "<group>"; };
		D3DA46D7179D8C170061809D /* PeopleRegularButton.m */ = {isa = PBXFileReference; fileEncoding = 4; lastKnownFileType = sourcecode.c.objc; name = PeopleRegularButton.m; path = People/Classes/PeopleRegularButton.m; sourceTree = "<group>"; };
		D3E1D67F17DE45B300155E8F /* ProfilePhoneNumbersView.h */ = {isa = PBXFileReference; fileEncoding = 4; lastKnownFileType = sourcecode.c.h; name = ProfilePhoneNumbersView.h; path = People/Classes/Views/ProfilePhoneNumbersView.h; sourceTree = "<group>"; };
		D3E1D68017DE45B300155E8F /* ProfilePhoneNumbersView.m */ = {isa = PBXFileReference; fileEncoding = 4; lastKnownFileType = sourcecode.c.objc; name = ProfilePhoneNumbersView.m; path = People/Classes/Views/ProfilePhoneNumbersView.m; sourceTree = "<group>"; };
		D3E1D68217DE470A00155E8F /* BKXibView.h */ = {isa = PBXFileReference; fileEncoding = 4; lastKnownFileType = sourcecode.c.h; name = BKXibView.h; path = People/Classes/Views/BKXibView.h; sourceTree = "<group>"; };
		D3E1D68317DE470A00155E8F /* BKXibView.m */ = {isa = PBXFileReference; fileEncoding = 4; lastKnownFileType = sourcecode.c.objc; name = BKXibView.m; path = People/Classes/Views/BKXibView.m; sourceTree = "<group>"; };
		D3E1D68517DE47DD00155E8F /* ProfilePictureView.xib */ = {isa = PBXFileReference; fileEncoding = 4; lastKnownFileType = file.xib; name = ProfilePictureView.xib; path = People/Classes/Views/ProfilePictureView.xib; sourceTree = "<group>"; };
		D3E1D68717DE47F900155E8F /* ProfilePictureView.h */ = {isa = PBXFileReference; fileEncoding = 4; lastKnownFileType = sourcecode.c.h; name = ProfilePictureView.h; path = People/Classes/Views/ProfilePictureView.h; sourceTree = "<group>"; };
		D3E1D68817DE47F900155E8F /* ProfilePictureView.m */ = {isa = PBXFileReference; fileEncoding = 4; lastKnownFileType = sourcecode.c.objc; name = ProfilePictureView.m; path = People/Classes/Views/ProfilePictureView.m; sourceTree = "<group>"; };
		D3E1D68A17DE4B2100155E8F /* ProfilePhoneNumbersView.xib */ = {isa = PBXFileReference; fileEncoding = 4; lastKnownFileType = file.xib; name = ProfilePhoneNumbersView.xib; path = People/Classes/Views/ProfilePhoneNumbersView.xib; sourceTree = "<group>"; };
		D3E1D68E17DE558900155E8F /* PeopleCircularImageView.h */ = {isa = PBXFileReference; fileEncoding = 4; lastKnownFileType = sourcecode.c.h; name = PeopleCircularImageView.h; path = Classes/Components/PeopleCircularImageView.h; sourceTree = "<group>"; };
		D3E1D68F17DE558900155E8F /* PeopleCircularImageView.m */ = {isa = PBXFileReference; fileEncoding = 4; lastKnownFileType = sourcecode.c.objc; name = PeopleCircularImageView.m; path = Classes/Components/PeopleCircularImageView.m; sourceTree = "<group>"; };
		D3E1D69317E0C4A900155E8F /* ProfileCoachView.xib */ = {isa = PBXFileReference; fileEncoding = 4; lastKnownFileType = file.xib; name = ProfileCoachView.xib; path = People/Classes/Views/ProfileCoachView.xib; sourceTree = "<group>"; };
		D3E1D69517E0C4C200155E8F /* ProfileTeamView.xib */ = {isa = PBXFileReference; fileEncoding = 4; lastKnownFileType = file.xib; name = ProfileTeamView.xib; path = People/Classes/Views/ProfileTeamView.xib; sourceTree = "<group>"; };
		D3E1D69717E0C4F000155E8F /* ProfileProjectsView.xib */ = {isa = PBXFileReference; fileEncoding = 4; lastKnownFileType = file.xib; name = ProfileProjectsView.xib; path = People/Classes/Views/ProfileProjectsView.xib; sourceTree = "<group>"; };
		D3E1D69917E0C54A00155E8F /* ProfileCoachView.h */ = {isa = PBXFileReference; fileEncoding = 4; lastKnownFileType = sourcecode.c.h; name = ProfileCoachView.h; path = People/Classes/Views/ProfileCoachView.h; sourceTree = "<group>"; };
		D3E1D69A17E0C54A00155E8F /* ProfileCoachView.m */ = {isa = PBXFileReference; fileEncoding = 4; lastKnownFileType = sourcecode.c.objc; name = ProfileCoachView.m; path = People/Classes/Views/ProfileCoachView.m; sourceTree = "<group>"; };
		D3E1D69C17E0C55900155E8F /* ProfileTeamView.h */ = {isa = PBXFileReference; fileEncoding = 4; lastKnownFileType = sourcecode.c.h; name = ProfileTeamView.h; path = People/Classes/Views/ProfileTeamView.h; sourceTree = "<group>"; };
		D3E1D69D17E0C55900155E8F /* ProfileTeamView.m */ = {isa = PBXFileReference; fileEncoding = 4; lastKnownFileType = sourcecode.c.objc; name = ProfileTeamView.m; path = People/Classes/Views/ProfileTeamView.m; sourceTree = "<group>"; };
		D3E1D69F17E0C56C00155E8F /* ProfileProjectsView.h */ = {isa = PBXFileReference; fileEncoding = 4; lastKnownFileType = sourcecode.c.h; name = ProfileProjectsView.h; path = People/Classes/Views/ProfileProjectsView.h; sourceTree = "<group>"; };
		D3E1D6A017E0C56C00155E8F /* ProfileProjectsView.m */ = {isa = PBXFileReference; fileEncoding = 4; lastKnownFileType = sourcecode.c.objc; name = ProfileProjectsView.m; path = People/Classes/Views/ProfileProjectsView.m; sourceTree = "<group>"; };
		D3F213FA1798BEA800E19338 /* PeopleInitialTransitionSegue.h */ = {isa = PBXFileReference; fileEncoding = 4; lastKnownFileType = sourcecode.c.h; name = PeopleInitialTransitionSegue.h; path = Classes/Segues/PeopleInitialTransitionSegue.h; sourceTree = "<group>"; };
		D3F213FB1798BEA800E19338 /* PeopleInitialTransitionSegue.m */ = {isa = PBXFileReference; fileEncoding = 4; lastKnownFileType = sourcecode.c.objc; name = PeopleInitialTransitionSegue.m; path = Classes/Segues/PeopleInitialTransitionSegue.m; sourceTree = "<group>"; };
		ECAB2C557C6B42DE9192D9C5 /* libPods.a */ = {isa = PBXFileReference; explicitFileType = archive.ar; includeInIndex = 0; path = libPods.a; sourceTree = BUILT_PRODUCTS_DIR; };
/* End PBXFileReference section */

/* Begin PBXFrameworksBuildPhase section */
		D38B3475179898BB00E2AF26 /* Frameworks */ = {
			isa = PBXFrameworksBuildPhase;
			buildActionMask = 2147483647;
			files = (
				D39DDBEC1799B43000E9D0C5 /* MobileCoreServices.framework in Frameworks */,
				D39DDBEA1799B42900E9D0C5 /* Security.framework in Frameworks */,
				D38B347E179898BB00E2AF26 /* CoreGraphics.framework in Frameworks */,
				D38B3480179898BB00E2AF26 /* UIKit.framework in Frameworks */,
				D38B347C179898BB00E2AF26 /* Foundation.framework in Frameworks */,
				9AED62FE459640D98CC80172 /* libPods.a in Frameworks */,
			);
			runOnlyForDeploymentPostprocessing = 0;
		};
		D38B3490179898BB00E2AF26 /* Frameworks */ = {
			isa = PBXFrameworksBuildPhase;
			buildActionMask = 2147483647;
			files = (
				D38B3495179898BB00E2AF26 /* XCTest.framework in Frameworks */,
				D38B3497179898BB00E2AF26 /* UIKit.framework in Frameworks */,
				D38B3496179898BB00E2AF26 /* Foundation.framework in Frameworks */,
			);
			runOnlyForDeploymentPostprocessing = 0;
		};
/* End PBXFrameworksBuildPhase section */

/* Begin PBXGroup section */
		47B9180817A8757A0051FFBE /* Header */ = {
			isa = PBXGroup;
			children = (
				47B9180917A875AD0051FFBE /* PeopleSearchTableViewHeader.h */,
				47B9180A17A875AD0051FFBE /* PeopleSearchTableViewHeader.m */,
			);
			name = Header;
			sourceTree = "<group>";
		};
		AA73A0E517A61CAE00229CE3 /* SearchViewController */ = {
			isa = PBXGroup;
			children = (
				AA73A0E617A61CC400229CE3 /* Container */,
				AA73A0EF17A6214500229CE3 /* TableView */,
			);
			name = SearchViewController;
			sourceTree = "<group>";
		};
		AA73A0E617A61CC400229CE3 /* Container */ = {
			isa = PBXGroup;
			children = (
				D371D2BE1798B8FC009C9D9E /* PeopleSearchViewController.h */,
				D371D2BF1798B8FC009C9D9E /* PeopleSearchViewController.m */,
			);
			name = Container;
			sourceTree = "<group>";
		};
		AA73A0EE17A61EDA00229CE3 /* Cell */ = {
			isa = PBXGroup;
			children = (
				AA73A0F417A62A4E00229CE3 /* PeopleSearchTableViewCell.h */,
				AA73A0F517A62A4E00229CE3 /* PeopleSearchTableViewCell.m */,
			);
			name = Cell;
			sourceTree = "<group>";
		};
		AA73A0EF17A6214500229CE3 /* TableView */ = {
			isa = PBXGroup;
			children = (
				47B9180817A8757A0051FFBE /* Header */,
				AA73A0EE17A61EDA00229CE3 /* Cell */,
			);
			name = TableView;
			sourceTree = "<group>";
		};
		D31FEBFC17A208A9007F4712 /* UI Components */ = {
			isa = PBXGroup;
			children = (
				D3DA46D6179D8C170061809D /* PeopleRegularButton.h */,
				D3DA46D7179D8C170061809D /* PeopleRegularButton.m */,
			);
			name = "UI Components";
			path = ..;
			sourceTree = "<group>";
		};
		D34C56E3179B29EA00706AFF /* Fonts */ = {
			isa = PBXGroup;
			children = (
				D34C56E4179B29EA00706AFF /* Dosis-Bold.otf */,
				D34C56E5179B29EA00706AFF /* Dosis-Book.otf */,
				D34C56E6179B29EA00706AFF /* Dosis-ExtraBold.otf */,
				D34C56E7179B29EA00706AFF /* Dosis-ExtraLight.otf */,
				D34C56E8179B29EA00706AFF /* Dosis-Light.otf */,
				D34C56E9179B29EA00706AFF /* Dosis-Medium.otf */,
				D34C56EA179B29EA00706AFF /* Dosis-SemiBold.otf */,
			);
			name = Fonts;
			path = UX/Fonts;
			sourceTree = SOURCE_ROOT;
		};
		D34C56F2179B29ED00706AFF /* UX */ = {
			isa = PBXGroup;
			children = (
				D34C56E3179B29EA00706AFF /* Fonts */,
			);
			name = UX;
			sourceTree = "<group>";
		};
		D371D2B41798AA19009C9D9E /* Private Headers */ = {
			isa = PBXGroup;
			children = (
				D371D2B31798A994009C9D9E /* PeoplePreferences_Private.h */,
			);
			name = "Private Headers";
			path = People;
			sourceTree = "<group>";
		};
		D3816AD217A962A3004C0FFC /* Profile */ = {
			isa = PBXGroup;
			children = (
				D31FEBF917A20769007F4712 /* PeopleProfileViewController.h */,
				474CF5BB17AB202900834C4F /* PeopleProfileViewController.m */,
			);
			name = Profile;
			sourceTree = "<group>";
		};
		D38B346F179898BB00E2AF26 = {
			isa = PBXGroup;
			children = (
				D38B3481179898BB00E2AF26 /* People */,
				D371D2B41798AA19009C9D9E /* Private Headers */,
				D39DDC051799E77D00E9D0C5 /* Test Data */,
				D38B349A179898BB00E2AF26 /* PeopleTests */,
				D38B347A179898BB00E2AF26 /* Frameworks */,
				D38B3479179898BB00E2AF26 /* Products */,
				B1B65C1B01294229848DAD83 /* Pods.xcconfig */,
			);
			sourceTree = "<group>";
		};
		D38B3479179898BB00E2AF26 /* Products */ = {
			isa = PBXGroup;
			children = (
				D38B3478179898BB00E2AF26 /* People.app */,
				D38B3493179898BB00E2AF26 /* PeopleTests.xctest */,
			);
			name = Products;
			sourceTree = "<group>";
		};
		D38B347A179898BB00E2AF26 /* Frameworks */ = {
			isa = PBXGroup;
			children = (
				D39DDBEB1799B43000E9D0C5 /* MobileCoreServices.framework */,
				D39DDBE91799B42900E9D0C5 /* Security.framework */,
				D38B347B179898BB00E2AF26 /* Foundation.framework */,
				D38B347D179898BB00E2AF26 /* CoreGraphics.framework */,
				D38B347F179898BB00E2AF26 /* UIKit.framework */,
				D38B3494179898BB00E2AF26 /* XCTest.framework */,
				ECAB2C557C6B42DE9192D9C5 /* libPods.a */,
			);
			name = Frameworks;
			sourceTree = "<group>";
		};
		D38B3481179898BB00E2AF26 /* People */ = {
			isa = PBXGroup;
			children = (
				D3E1D68E17DE558900155E8F /* PeopleCircularImageView.h */,
				D3E1D68F17DE558900155E8F /* PeopleCircularImageView.m */,
				D31FEBFC17A208A9007F4712 /* UI Components */,
				D34C56F2179B29ED00706AFF /* UX */,
				D34C56E0179B06B300706AFF /* PeopleFavorites.h */,
				D34C56E1179B06B300706AFF /* PeopleFavorites.m */,
				D34C56DB179AF4A200706AFF /* PeopleValidation.h */,
				D34C56DC179AF4A200706AFF /* PeopleValidation.m */,
				D3A9D81D1798A3AD00F05FD5 /* PeoplePreferences.h */,
				D3A9D81E1798A3AD00F05FD5 /* PeoplePreferences.m */,
				D38A430217DE0C4B00434161 /* PeopleInitialSetup.h */,
				D38A430317DE0C4B00434161 /* PeopleInitialSetup.m */,
				D39DDC031799C73300E9D0C5 /* Entities */,
				D39DDBF71799C5CA00E9D0C5 /* Parsers */,
				D39DDBF31799B90F00E9D0C5 /* Theme */,
				D39DDBE81799B31300E9D0C5 /* Segues and Animations */,
				D39DDBE41799B30C00E9D0C5 /* Connection */,
				D3A9D8191798A08600F05FD5 /* View Controllers */,
				D3E1D68C17DE4BB700155E8F /* Views */,
				D38B3482179898BB00E2AF26 /* Supporting Files */,
				D327A4C917989A8D0042FF8B /* Images.xcassets */,
				D3A30842179C4AB10010FE51 /* TableView */,
			);
			path = People;
			sourceTree = "<group>";
		};
		D38B3482179898BB00E2AF26 /* Supporting Files */ = {
			isa = PBXGroup;
			children = (
				D38B34AA1798991200E2AF26 /* MainStoryboard_iPhone.storyboard */,
				D38B348A179898BB00E2AF26 /* PeopleAppDelegate.h */,
				D38B348B179898BB00E2AF26 /* PeopleAppDelegate.m */,
				D38B3483179898BB00E2AF26 /* People-Info.plist */,
				D38B3484179898BB00E2AF26 /* InfoPlist.strings */,
				D38B3487179898BB00E2AF26 /* main.m */,
				D38B3489179898BB00E2AF26 /* People-Prefix.pch */,
			);
			name = "Supporting Files";
			sourceTree = "<group>";
		};
		D38B349A179898BB00E2AF26 /* PeopleTests */ = {
			isa = PBXGroup;
			children = (
				D371D2B71798AA8C009C9D9E /* PeoplePreferencesTest.m */,
				D38B34A0179898BB00E2AF26 /* PeopleTests.m */,
				D3291739179A217D00140214 /* PeopleColaboradorTests.m */,
				D34C56DE179AF6CC00706AFF /* PeopleValidationTest.m */,
				D38B349B179898BB00E2AF26 /* Supporting Files */,
			);
			path = PeopleTests;
			sourceTree = "<group>";
		};
		D38B349B179898BB00E2AF26 /* Supporting Files */ = {
			isa = PBXGroup;
			children = (
				D38B349C179898BB00E2AF26 /* PeopleTests-Info.plist */,
				D38B349D179898BB00E2AF26 /* InfoPlist.strings */,
			);
			name = "Supporting Files";
			sourceTree = "<group>";
		};
		D39DDBE41799B30C00E9D0C5 /* Connection */ = {
			isa = PBXGroup;
			children = (
				D39DDBE51799B30C00E9D0C5 /* PeopleHTTPClient.h */,
				D39DDBE61799B30C00E9D0C5 /* PeopleHTTPClient.m */,
				D39DDBF41799C57D00E9D0C5 /* PeopleServices.h */,
				D39DDBF51799C57D00E9D0C5 /* PeopleServices.m */,
			);
			name = Connection;
			path = Classes/Connection;
			sourceTree = "<group>";
		};
		D39DDBE81799B31300E9D0C5 /* Segues and Animations */ = {
			isa = PBXGroup;
			children = (
				D3F213FA1798BEA800E19338 /* PeopleInitialTransitionSegue.h */,
				D3F213FB1798BEA800E19338 /* PeopleInitialTransitionSegue.m */,
				D304D7D117DD3BEA0068C13C /* PeopleListToProfileTransitionAnimation.h */,
				D304D7D217DD3BEA0068C13C /* PeopleListToProfileTransitionAnimation.m */,
			);
			name = "Segues and Animations";
			sourceTree = "<group>";
		};
		D39DDBF31799B90F00E9D0C5 /* Theme */ = {
			isa = PBXGroup;
			children = (
				D39DDBEF1799B8E700E9D0C5 /* PeopleTheme.h */,
				D39DDBF01799B90600E9D0C5 /* PeopleBasicTheme.h */,
				D39DDBF11799B90600E9D0C5 /* PeopleBasicTheme.m */,
			);
			name = Theme;
			sourceTree = "<group>";
		};
		D39DDBF71799C5CA00E9D0C5 /* Parsers */ = {
			isa = PBXGroup;
			children = (
				D39DDBF81799C5CA00E9D0C5 /* PeopleJSONParser.h */,
				D39DDBF91799C5CA00E9D0C5 /* PeopleJSONParser.m */,
			);
			name = Parsers;
			path = Classes/Parsers;
			sourceTree = "<group>";
		};
		D39DDC031799C73300E9D0C5 /* Entities */ = {
			isa = PBXGroup;
			children = (
				D39DDBFE1799C6F300E9D0C5 /* PeopleColaborador.h */,
				D39DDBFF1799C6F300E9D0C5 /* PeopleColaborador.m */,
				D39DDC011799C72300E9D0C5 /* PeopleColaborador+PopulateFromServiceResponse.h */,
				D39DDC021799C72300E9D0C5 /* PeopleColaborador+PopulateFromServiceResponse.m */,
			);
			name = Entities;
			sourceTree = "<group>";
		};
		D39DDC051799E77D00E9D0C5 /* Test Data */ = {
			isa = PBXGroup;
			children = (
				D34C56D7179AEBE500706AFF /* search_generic1.json */,
				D34C56D8179AEBE500706AFF /* search_generic2.json */,
				D39DDC061799E77D00E9D0C5 /* profile_generic1.json */,
			);
			name = "Test Data";
			path = "PeopleTests/Test Data";
			sourceTree = "<group>";
		};
		D3A30842179C4AB10010FE51 /* TableView */ = {
			isa = PBXGroup;
			children = (
				D3A3083C179C438D0010FE51 /* PeopleTableViewDataSource.h */,
				D3A3083D179C438D0010FE51 /* PeopleTableViewDataSource.m */,
				D3A3083F179C4AA70010FE51 /* PeopleTableViewCell.h */,
				D3A30840179C4AA70010FE51 /* PeopleTableViewCell.m */,
				D3A30846179C4B750010FE51 /* PeopleTableViewCell.xib */,
				D3A30843179C4AFD0010FE51 /* PeopleTableViewCell+ConfigureForColaborador.h */,
				D3A30844179C4AFD0010FE51 /* PeopleTableViewCell+ConfigureForColaborador.m */,
			);
			name = TableView;
			sourceTree = "<group>";
		};
		D3A9D8191798A08600F05FD5 /* View Controllers */ = {
			isa = PBXGroup;
			children = (
				AA73A0E517A61CAE00229CE3 /* SearchViewController */,
				D3A9D8161798A08000F05FD5 /* PeopleBaseViewController.h */,
				D3A9D8171798A08000F05FD5 /* PeopleBaseViewController.m */,
				D3A9D81A1798A0C300F05FD5 /* PeopleInitialViewController.h */,
				D3A9D81B1798A0C300F05FD5 /* PeopleInitialViewController.m */,
				D371D2B91798B8DF009C9D9E /* PeopleLoginViewController.h */,
				D371D2BA1798B8DF009C9D9E /* PeopleLoginViewController.m */,
				D371D2BC1798B8ED009C9D9E /* PeopleTutorialViewController.h */,
				D371D2BD1798B8ED009C9D9E /* PeopleTutorialViewController.m */,
				D371D2BE1798B8FC009C9D9E /* PeopleSearchViewController.h */,
				D371D2BF1798B8FC009C9D9E /* PeopleSearchViewController.m */,
				D3816AD217A962A3004C0FFC /* Profile */,
				D398D6B717A9968600120394 /* PeopleNavigationController.h */,
				D398D6B817A9968600120394 /* PeopleNavigationController.m */,
				D304D7D417DD3D8A0068C13C /* PeopleNavigationControllerDelegate.h */,
				D304D7D517DD3D8A0068C13C /* PeopleNavigationControllerDelegate.m */,
				D31FEBF917A20769007F4712 /* PeopleProfileViewController.h */,
			);
			name = "View Controllers";
			sourceTree = "<group>";
		};
		D3E1D68C17DE4BB700155E8F /* Views */ = {
			isa = PBXGroup;
			children = (
				D3E1D68217DE470A00155E8F /* BKXibView.h */,
				D3E1D68317DE470A00155E8F /* BKXibView.m */,
				D3E1D68D17DE4BCA00155E8F /* Profile */,
			);
			name = Views;
			path = ..;
			sourceTree = "<group>";
		};
		D3E1D68D17DE4BCA00155E8F /* Profile */ = {
			isa = PBXGroup;
			children = (
				D3E1D69317E0C4A900155E8F /* ProfileCoachView.xib */,
				D3E1D69917E0C54A00155E8F /* ProfileCoachView.h */,
				D3E1D69A17E0C54A00155E8F /* ProfileCoachView.m */,
				D3E1D69517E0C4C200155E8F /* ProfileTeamView.xib */,
				D3E1D69C17E0C55900155E8F /* ProfileTeamView.h */,
				D3E1D69D17E0C55900155E8F /* ProfileTeamView.m */,
				D3E1D69717E0C4F000155E8F /* ProfileProjectsView.xib */,
				D3E1D69F17E0C56C00155E8F /* ProfileProjectsView.h */,
				D3E1D6A017E0C56C00155E8F /* ProfileProjectsView.m */,
				D3E1D68517DE47DD00155E8F /* ProfilePictureView.xib */,
				D3E1D68717DE47F900155E8F /* ProfilePictureView.h */,
				D3E1D68817DE47F900155E8F /* ProfilePictureView.m */,
				D3E1D68A17DE4B2100155E8F /* ProfilePhoneNumbersView.xib */,
				D3E1D67F17DE45B300155E8F /* ProfilePhoneNumbersView.h */,
				D3E1D68017DE45B300155E8F /* ProfilePhoneNumbersView.m */,
				D38A430517DE41D500434161 /* ProfileNameView.xib */,
				D38A430717DE427600434161 /* ProfileNameView.h */,
				D38A430817DE427600434161 /* ProfileNameView.m */,
			);
			name = Profile;
			sourceTree = "<group>";
		};
/* End PBXGroup section */

/* Begin PBXNativeTarget section */
		D38B3477179898BB00E2AF26 /* People */ = {
			isa = PBXNativeTarget;
			buildConfigurationList = D38B34A4179898BB00E2AF26 /* Build configuration list for PBXNativeTarget "People" */;
			buildPhases = (
				7D154303EC33412DAEA21AD2 /* Check Pods Manifest.lock */,
				D38B3474179898BB00E2AF26 /* Sources */,
				D38B3475179898BB00E2AF26 /* Frameworks */,
				D38B3476179898BB00E2AF26 /* Resources */,
				CF82AE6B63874AAE93A1832E /* Copy Pods Resources */,
			);
			buildRules = (
			);
			dependencies = (
			);
			name = People;
			productName = People;
			productReference = D38B3478179898BB00E2AF26 /* People.app */;
			productType = "com.apple.product-type.application";
		};
		D38B3492179898BB00E2AF26 /* PeopleTests */ = {
			isa = PBXNativeTarget;
			buildConfigurationList = D38B34A7179898BB00E2AF26 /* Build configuration list for PBXNativeTarget "PeopleTests" */;
			buildPhases = (
				D38B348F179898BB00E2AF26 /* Sources */,
				D38B3490179898BB00E2AF26 /* Frameworks */,
				D38B3491179898BB00E2AF26 /* Resources */,
			);
			buildRules = (
			);
			dependencies = (
				D38B3499179898BB00E2AF26 /* PBXTargetDependency */,
			);
			name = PeopleTests;
			productName = PeopleTests;
			productReference = D38B3493179898BB00E2AF26 /* PeopleTests.xctest */;
			productType = "com.apple.product-type.bundle.unit-test";
		};
/* End PBXNativeTarget section */

/* Begin PBXProject section */
		D38B3470179898BB00E2AF26 /* Project object */ = {
			isa = PBXProject;
			attributes = {
				CLASSPREFIX = People;
				LastUpgradeCheck = 0500;
				ORGANIZATIONNAME = "CI&T";
				TargetAttributes = {
					D38B3477179898BB00E2AF26 = {
						DevelopmentTeam = DC7P966WU6;
					};
					D38B3492179898BB00E2AF26 = {
						TestTargetID = D38B3477179898BB00E2AF26;
					};
				};
			};
			buildConfigurationList = D38B3473179898BB00E2AF26 /* Build configuration list for PBXProject "People" */;
			compatibilityVersion = "Xcode 3.2";
			developmentRegion = English;
			hasScannedForEncodings = 0;
			knownRegions = (
				en,
			);
			mainGroup = D38B346F179898BB00E2AF26;
			productRefGroup = D38B3479179898BB00E2AF26 /* Products */;
			projectDirPath = "";
			projectRoot = "";
			targets = (
				D38B3477179898BB00E2AF26 /* People */,
				D38B3492179898BB00E2AF26 /* PeopleTests */,
			);
		};
/* End PBXProject section */

/* Begin PBXResourcesBuildPhase section */
		D38B3476179898BB00E2AF26 /* Resources */ = {
			isa = PBXResourcesBuildPhase;
			buildActionMask = 2147483647;
			files = (
				D3E1D69817E0C4F000155E8F /* ProfileProjectsView.xib in Resources */,
				D3E1D68B17DE4B2100155E8F /* ProfilePhoneNumbersView.xib in Resources */,
				D327A4CA17989A8D0042FF8B /* Images.xcassets in Resources */,
				D34C56EE179B29EA00706AFF /* Dosis-ExtraLight.otf in Resources */,
				D34C56EB179B29EA00706AFF /* Dosis-Bold.otf in Resources */,
				D34C56F1179B29EA00706AFF /* Dosis-SemiBold.otf in Resources */,
				D38A430617DE41D500434161 /* ProfileNameView.xib in Resources */,
				D38B34AB1798991200E2AF26 /* MainStoryboard_iPhone.storyboard in Resources */,
				D3E1D69617E0C4C200155E8F /* ProfileTeamView.xib in Resources */,
				D34C56F0179B29EA00706AFF /* Dosis-Medium.otf in Resources */,
				D3E1D69417E0C4A900155E8F /* ProfileCoachView.xib in Resources */,
				D38B3486179898BB00E2AF26 /* InfoPlist.strings in Resources */,
				D34C56EF179B29EA00706AFF /* Dosis-Light.otf in Resources */,
				D34C56ED179B29EA00706AFF /* Dosis-ExtraBold.otf in Resources */,
				D34C56EC179B29EA00706AFF /* Dosis-Book.otf in Resources */,
				D3E1D68617DE47DD00155E8F /* ProfilePictureView.xib in Resources */,
				D3A30847179C4B750010FE51 /* PeopleTableViewCell.xib in Resources */,
			);
			runOnlyForDeploymentPostprocessing = 0;
		};
		D38B3491179898BB00E2AF26 /* Resources */ = {
			isa = PBXResourcesBuildPhase;
			buildActionMask = 2147483647;
			files = (
				D34C56DA179AEBE500706AFF /* search_generic2.json in Resources */,
				D34C56D9179AEBE500706AFF /* search_generic1.json in Resources */,
				D38B349F179898BB00E2AF26 /* InfoPlist.strings in Resources */,
				D39DDC071799E77D00E9D0C5 /* profile_generic1.json in Resources */,
			);
			runOnlyForDeploymentPostprocessing = 0;
		};
/* End PBXResourcesBuildPhase section */

/* Begin PBXShellScriptBuildPhase section */
		7D154303EC33412DAEA21AD2 /* Check Pods Manifest.lock */ = {
			isa = PBXShellScriptBuildPhase;
			buildActionMask = 2147483647;
			files = (
			);
			inputPaths = (
			);
			name = "Check Pods Manifest.lock";
			outputPaths = (
			);
			runOnlyForDeploymentPostprocessing = 0;
			shellPath = /bin/sh;
			shellScript = "diff \"${PODS_ROOT}/../Podfile.lock\" \"${PODS_ROOT}/Manifest.lock\" > /dev/null\nif [[ $? != 0 ]] ; then\n    cat << EOM\nerror: The sandbox is not in sync with the Podfile.lock. Run 'pod install' or update your CocoaPods installation.\nEOM\n    exit 1\nfi\n";
			showEnvVarsInLog = 0;
		};
		CF82AE6B63874AAE93A1832E /* Copy Pods Resources */ = {
			isa = PBXShellScriptBuildPhase;
			buildActionMask = 2147483647;
			files = (
			);
			inputPaths = (
			);
			name = "Copy Pods Resources";
			outputPaths = (
			);
			runOnlyForDeploymentPostprocessing = 0;
			shellPath = /bin/sh;
			shellScript = "\"${SRCROOT}/Pods/Pods-resources.sh\"\n";
			showEnvVarsInLog = 0;
		};
/* End PBXShellScriptBuildPhase section */

/* Begin PBXSourcesBuildPhase section */
		D38B3474179898BB00E2AF26 /* Sources */ = {
			isa = PBXSourcesBuildPhase;
			buildActionMask = 2147483647;
			files = (
				D39DDBFC1799C5CA00E9D0C5 /* PeopleJSONParser.m in Sources */,
				D3A9D8181798A08000F05FD5 /* PeopleBaseViewController.m in Sources */,
				D371D2C11798B8FF009C9D9E /* PeopleTutorialViewController.m in Sources */,
				D39DDBF21799B90600E9D0C5 /* PeopleBasicTheme.m in Sources */,
				D3E1D69E17E0C55900155E8F /* ProfileTeamView.m in Sources */,
				D3DA46D8179D8C170061809D /* PeopleRegularButton.m in Sources */,
				D371D2B21798A554009C9D9E /* PeoplePreferences.m in Sources */,
				D38B3488179898BB00E2AF26 /* main.m in Sources */,
				47B9180B17A875AD0051FFBE /* PeopleSearchTableViewHeader.m in Sources */,
				D304D7D617DD3D8A0068C13C /* PeopleNavigationControllerDelegate.m in Sources */,
				D3F213FC1798BEA800E19338 /* PeopleInitialTransitionSegue.m in Sources */,
				D3E1D68117DE45B300155E8F /* ProfilePhoneNumbersView.m in Sources */,
				D34C56E2179B06B300706AFF /* PeopleFavorites.m in Sources */,
				D39DDC001799C6F800E9D0C5 /* PeopleColaborador.m in Sources */,
				D3A3083E179C438D0010FE51 /* PeopleTableViewDataSource.m in Sources */,
				AA73A0F617A62A4E00229CE3 /* PeopleSearchTableViewCell.m in Sources */,
				D39DDBE71799B30C00E9D0C5 /* PeopleHTTPClient.m in Sources */,
				D398D6B917A9968600120394 /* PeopleNavigationController.m in Sources */,
				D3E1D6A117E0C56C00155E8F /* ProfileProjectsView.m in Sources */,
				D304D7D317DD3BEA0068C13C /* PeopleListToProfileTransitionAnimation.m in Sources */,
				D3E1D69B17E0C54A00155E8F /* ProfileCoachView.m in Sources */,
				D3A9D81C1798A0C300F05FD5 /* PeopleInitialViewController.m in Sources */,
				474CF5BC17AB202900834C4F /* PeopleProfileViewController.m in Sources */,
				D3A30845179C4AFD0010FE51 /* PeopleTableViewCell+ConfigureForColaborador.m in Sources */,
				D38B348C179898BB00E2AF26 /* PeopleAppDelegate.m in Sources */,
				D371D2C01798B8FC009C9D9E /* PeopleSearchViewController.m in Sources */,
				D3E1D68917DE47F900155E8F /* ProfilePictureView.m in Sources */,
				D3E1D69017DE558900155E8F /* PeopleCircularImageView.m in Sources */,
				D39DDC041799C91E00E9D0C5 /* PeopleColaborador+PopulateFromServiceResponse.m in Sources */,
				D34C56DD179AF4A200706AFF /* PeopleValidation.m in Sources */,
				D38A430917DE427600434161 /* ProfileNameView.m in Sources */,
				D3A30841179C4AA70010FE51 /* PeopleTableViewCell.m in Sources */,
				D3E1D68417DE470A00155E8F /* BKXibView.m in Sources */,
				D371D2BB1798B8DF009C9D9E /* PeopleLoginViewController.m in Sources */,
				D39DDBF61799C57D00E9D0C5 /* PeopleServices.m in Sources */,
				D38A430417DE0C4B00434161 /* PeopleInitialSetup.m in Sources */,
			);
			runOnlyForDeploymentPostprocessing = 0;
		};
		D38B348F179898BB00E2AF26 /* Sources */ = {
			isa = PBXSourcesBuildPhase;
			buildActionMask = 2147483647;
			files = (
				D329173A179A217D00140214 /* PeopleColaboradorTests.m in Sources */,
				D34C56DF179AF6CC00706AFF /* PeopleValidationTest.m in Sources */,
				D38B34A1179898BB00E2AF26 /* PeopleTests.m in Sources */,
				474CF5BD17AB202900834C4F /* PeopleProfileViewController.m in Sources */,
				47B9180C17A875AD0051FFBE /* PeopleSearchTableViewHeader.m in Sources */,
				D371D2B81798AA8C009C9D9E /* PeoplePreferencesTest.m in Sources */,
			);
			runOnlyForDeploymentPostprocessing = 0;
		};
/* End PBXSourcesBuildPhase section */

/* Begin PBXTargetDependency section */
		D38B3499179898BB00E2AF26 /* PBXTargetDependency */ = {
			isa = PBXTargetDependency;
			target = D38B3477179898BB00E2AF26 /* People */;
			targetProxy = D38B3498179898BB00E2AF26 /* PBXContainerItemProxy */;
		};
/* End PBXTargetDependency section */

/* Begin PBXVariantGroup section */
		D38B3484179898BB00E2AF26 /* InfoPlist.strings */ = {
			isa = PBXVariantGroup;
			children = (
				D38B3485179898BB00E2AF26 /* en */,
			);
			name = InfoPlist.strings;
			sourceTree = "<group>";
		};
		D38B349D179898BB00E2AF26 /* InfoPlist.strings */ = {
			isa = PBXVariantGroup;
			children = (
				D38B349E179898BB00E2AF26 /* en */,
			);
			name = InfoPlist.strings;
			sourceTree = "<group>";
		};
/* End PBXVariantGroup section */

/* Begin XCBuildConfiguration section */
		D38B34A2179898BB00E2AF26 /* Debug */ = {
			isa = XCBuildConfiguration;
			buildSettings = {
				ALWAYS_SEARCH_USER_PATHS = NO;
				CLANG_CXX_LANGUAGE_STANDARD = "gnu++0x";
				CLANG_CXX_LIBRARY = "libc++";
				CLANG_ENABLE_MODULES = YES;
				CLANG_ENABLE_OBJC_ARC = YES;
				CLANG_WARN_BOOL_CONVERSION = YES;
				CLANG_WARN_CONSTANT_CONVERSION = YES;
				CLANG_WARN_DIRECT_OBJC_ISA_USAGE = YES_ERROR;
				CLANG_WARN_EMPTY_BODY = YES;
				CLANG_WARN_ENUM_CONVERSION = YES;
				CLANG_WARN_INT_CONVERSION = YES;
				CLANG_WARN_OBJC_ROOT_CLASS = YES_ERROR;
				CLANG_WARN__DUPLICATE_METHOD_MATCH = YES;
				CODE_SIGN_IDENTITY = "iPhone Developer";
				"CODE_SIGN_IDENTITY[sdk=iphoneos*]" = "iPhone Developer";
				COPY_PHASE_STRIP = NO;
				GCC_C_LANGUAGE_STANDARD = gnu99;
				GCC_DYNAMIC_NO_PIC = NO;
				GCC_OPTIMIZATION_LEVEL = 0;
				GCC_PREPROCESSOR_DEFINITIONS = (
					"DEBUG=1",
					"$(inherited)",
				);
				GCC_SYMBOLS_PRIVATE_EXTERN = NO;
				GCC_WARN_ABOUT_RETURN_TYPE = YES_ERROR;
				GCC_WARN_UNDECLARED_SELECTOR = YES;
				GCC_WARN_UNINITIALIZED_AUTOS = YES;
				GCC_WARN_UNUSED_FUNCTION = YES;
				GCC_WARN_UNUSED_VARIABLE = YES;
				IPHONEOS_DEPLOYMENT_TARGET = 7.0;
				ONLY_ACTIVE_ARCH = YES;
				SDKROOT = iphoneos;
			};
			name = Debug;
		};
		D38B34A3179898BB00E2AF26 /* Release */ = {
			isa = XCBuildConfiguration;
			buildSettings = {
				ALWAYS_SEARCH_USER_PATHS = NO;
				CLANG_CXX_LANGUAGE_STANDARD = "gnu++0x";
				CLANG_CXX_LIBRARY = "libc++";
				CLANG_ENABLE_MODULES = YES;
				CLANG_ENABLE_OBJC_ARC = YES;
				CLANG_WARN_BOOL_CONVERSION = YES;
				CLANG_WARN_CONSTANT_CONVERSION = YES;
				CLANG_WARN_DIRECT_OBJC_ISA_USAGE = YES_ERROR;
				CLANG_WARN_EMPTY_BODY = YES;
				CLANG_WARN_ENUM_CONVERSION = YES;
				CLANG_WARN_INT_CONVERSION = YES;
				CLANG_WARN_OBJC_ROOT_CLASS = YES_ERROR;
				CLANG_WARN__DUPLICATE_METHOD_MATCH = YES;
				CODE_SIGN_IDENTITY = "iPhone Distribution";
				"CODE_SIGN_IDENTITY[sdk=iphoneos*]" = "iPhone Distribution";
				COPY_PHASE_STRIP = YES;
				ENABLE_NS_ASSERTIONS = NO;
				GCC_C_LANGUAGE_STANDARD = gnu99;
				GCC_WARN_ABOUT_RETURN_TYPE = YES_ERROR;
				GCC_WARN_UNDECLARED_SELECTOR = YES;
				GCC_WARN_UNINITIALIZED_AUTOS = YES;
				GCC_WARN_UNUSED_FUNCTION = YES;
				GCC_WARN_UNUSED_VARIABLE = YES;
				IPHONEOS_DEPLOYMENT_TARGET = 7.0;
				SDKROOT = iphoneos;
				VALIDATE_PRODUCT = YES;
			};
			name = Release;
		};
		D38B34A5179898BB00E2AF26 /* Debug */ = {
			isa = XCBuildConfiguration;
			baseConfigurationReference = B1B65C1B01294229848DAD83 /* Pods.xcconfig */;
			buildSettings = {
				ASSETCATALOG_COMPILER_APPICON_NAME = AppIcon;
				ASSETCATALOG_COMPILER_LAUNCHIMAGE_NAME = LaunchImage;
				CODE_SIGN_IDENTITY = "iPhone Developer";
				"CODE_SIGN_IDENTITY[sdk=iphoneos*]" = "iPhone Developer";
				GCC_PRECOMPILE_PREFIX_HEADER = YES;
				GCC_PREFIX_HEADER = "People/People-Prefix.pch";
				INFOPLIST_FILE = "People/People-Info.plist";
				PRODUCT_NAME = "$(TARGET_NAME)";
				PROVISIONING_PROFILE = "";
				WRAPPER_EXTENSION = app;
			};
			name = Debug;
		};
		D38B34A6179898BB00E2AF26 /* Release */ = {
			isa = XCBuildConfiguration;
			baseConfigurationReference = B1B65C1B01294229848DAD83 /* Pods.xcconfig */;
			buildSettings = {
				ASSETCATALOG_COMPILER_APPICON_NAME = AppIcon;
				ASSETCATALOG_COMPILER_LAUNCHIMAGE_NAME = LaunchImage;
				CODE_SIGN_IDENTITY = "iPhone Developer";
				"CODE_SIGN_IDENTITY[sdk=iphoneos*]" = "iPhone Developer";
				GCC_PRECOMPILE_PREFIX_HEADER = YES;
				GCC_PREFIX_HEADER = "People/People-Prefix.pch";
				INFOPLIST_FILE = "People/People-Info.plist";
				PRODUCT_NAME = "$(TARGET_NAME)";
				PROVISIONING_PROFILE = "";
				WRAPPER_EXTENSION = app;
			};
			name = Release;
		};
		D38B34A8179898BB00E2AF26 /* Debug */ = {
			isa = XCBuildConfiguration;
			buildSettings = {
				BUNDLE_LOADER = "$(BUILT_PRODUCTS_DIR)/People.app/People";
				FRAMEWORK_SEARCH_PATHS = (
					"$(SDKROOT)/Developer/Library/Frameworks",
					"$(inherited)",
					"$(SYSTEM_APPS_DIR)/Xcode5-DP3.app/Contents/Developer/Library/Frameworks",
				);
				GCC_PRECOMPILE_PREFIX_HEADER = YES;
				GCC_PREFIX_HEADER = "People/People-Prefix.pch";
				GCC_PREPROCESSOR_DEFINITIONS = (
					"DEBUG=1",
					"$(inherited)",
				);
				INFOPLIST_FILE = "PeopleTests/PeopleTests-Info.plist";
				PRODUCT_NAME = "$(TARGET_NAME)";
				TEST_HOST = "$(BUNDLE_LOADER)";
				WRAPPER_EXTENSION = xctest;
			};
			name = Debug;
		};
		D38B34A9179898BB00E2AF26 /* Release */ = {
			isa = XCBuildConfiguration;
			buildSettings = {
				BUNDLE_LOADER = "$(BUILT_PRODUCTS_DIR)/People.app/People";
				FRAMEWORK_SEARCH_PATHS = (
					"$(SDKROOT)/Developer/Library/Frameworks",
					"$(inherited)",
					"$(SYSTEM_APPS_DIR)/Xcode5-DP3.app/Contents/Developer/Library/Frameworks",
				);
				GCC_PRECOMPILE_PREFIX_HEADER = YES;
				GCC_PREFIX_HEADER = "People/People-Prefix.pch";
				INFOPLIST_FILE = "PeopleTests/PeopleTests-Info.plist";
				PRODUCT_NAME = "$(TARGET_NAME)";
				TEST_HOST = "$(BUNDLE_LOADER)";
				WRAPPER_EXTENSION = xctest;
			};
			name = Release;
		};
/* End XCBuildConfiguration section */

/* Begin XCConfigurationList section */
		D38B3473179898BB00E2AF26 /* Build configuration list for PBXProject "People" */ = {
			isa = XCConfigurationList;
			buildConfigurations = (
				D38B34A2179898BB00E2AF26 /* Debug */,
				D38B34A3179898BB00E2AF26 /* Release */,
			);
			defaultConfigurationIsVisible = 0;
			defaultConfigurationName = Release;
		};
		D38B34A4179898BB00E2AF26 /* Build configuration list for PBXNativeTarget "People" */ = {
			isa = XCConfigurationList;
			buildConfigurations = (
				D38B34A5179898BB00E2AF26 /* Debug */,
				D38B34A6179898BB00E2AF26 /* Release */,
			);
			defaultConfigurationIsVisible = 0;
			defaultConfigurationName = Release;
		};
		D38B34A7179898BB00E2AF26 /* Build configuration list for PBXNativeTarget "PeopleTests" */ = {
			isa = XCConfigurationList;
			buildConfigurations = (
				D38B34A8179898BB00E2AF26 /* Debug */,
				D38B34A9179898BB00E2AF26 /* Release */,
			);
			defaultConfigurationIsVisible = 0;
			defaultConfigurationName = Release;
		};
/* End XCConfigurationList section */
	};
	rootObject = D38B3470179898BB00E2AF26 /* Project object */;
}
